// !$*UTF8*$!
{
	archiveVersion = 1;
	classes = {
	};
	objectVersion = 46;
	objects = {

/* Begin PBXBuildFile section */
		4A6F23C71A9D3B5F00E7D366 /* main.m in Sources */ = {isa = PBXBuildFile; fileRef = 4A6F23C61A9D3B5F00E7D366 /* main.m */; };
		4A6F23CA1A9D3B5F00E7D366 /* AppDelegate.m in Sources */ = {isa = PBXBuildFile; fileRef = 4A6F23C91A9D3B5F00E7D366 /* AppDelegate.m */; };
		4A6F23D01A9D3B5F00E7D366 /* Main.storyboard in Resources */ = {isa = PBXBuildFile; fileRef = 4A6F23CE1A9D3B5F00E7D366 /* Main.storyboard */; };
		4A6F23D21A9D3B5F00E7D366 /* Images.xcassets in Resources */ = {isa = PBXBuildFile; fileRef = 4A6F23D11A9D3B5F00E7D366 /* Images.xcassets */; };
		4A6F23D51A9D3B5F00E7D366 /* LaunchScreen.xib in Resources */ = {isa = PBXBuildFile; fileRef = 4A6F23D31A9D3B5F00E7D366 /* LaunchScreen.xib */; };
		4A6F23E11A9D3B5F00E7D366 /* Vault_ClientFacingAppTests.m in Sources */ = {isa = PBXBuildFile; fileRef = 4A6F23E01A9D3B5F00E7D366 /* Vault_ClientFacingAppTests.m */; };
		4A6F23ED1A9D3CDC00E7D366 /* Bolts.framework in Frameworks */ = {isa = PBXBuildFile; fileRef = 4A6F23EB1A9D3CDC00E7D366 /* Bolts.framework */; };
		4A6F23EE1A9D3CDC00E7D366 /* Parse.framework in Frameworks */ = {isa = PBXBuildFile; fileRef = 4A6F23EC1A9D3CDC00E7D366 /* Parse.framework */; };
		4A6F23F01A9D3CF800E7D366 /* AudioToolbox.framework in Frameworks */ = {isa = PBXBuildFile; fileRef = 4A6F23EF1A9D3CF800E7D366 /* AudioToolbox.framework */; };
		4A6F23F21A9D3CFF00E7D366 /* CFNetwork.framework in Frameworks */ = {isa = PBXBuildFile; fileRef = 4A6F23F11A9D3CFF00E7D366 /* CFNetwork.framework */; };
		4A6F23F41A9D3D0700E7D366 /* CoreGraphics.framework in Frameworks */ = {isa = PBXBuildFile; fileRef = 4A6F23F31A9D3D0700E7D366 /* CoreGraphics.framework */; };
		4A6F23F61A9D3D1000E7D366 /* CoreLocation.framework in Frameworks */ = {isa = PBXBuildFile; fileRef = 4A6F23F51A9D3D1000E7D366 /* CoreLocation.framework */; };
		4A6F23F81A9D3D1500E7D366 /* MobileCoreServices.framework in Frameworks */ = {isa = PBXBuildFile; fileRef = 4A6F23F71A9D3D1500E7D366 /* MobileCoreServices.framework */; };
		4A6F23FA1A9D3D1D00E7D366 /* QuartzCore.framework in Frameworks */ = {isa = PBXBuildFile; fileRef = 4A6F23F91A9D3D1D00E7D366 /* QuartzCore.framework */; };
		4A6F23FC1A9D3D2200E7D366 /* Security.framework in Frameworks */ = {isa = PBXBuildFile; fileRef = 4A6F23FB1A9D3D2200E7D366 /* Security.framework */; };
		4A6F23FE1A9D3D2A00E7D366 /* StoreKit.framework in Frameworks */ = {isa = PBXBuildFile; fileRef = 4A6F23FD1A9D3D2A00E7D366 /* StoreKit.framework */; };
		4A6F24001A9D3D3100E7D366 /* SystemConfiguration.framework in Frameworks */ = {isa = PBXBuildFile; fileRef = 4A6F23FF1A9D3D3100E7D366 /* SystemConfiguration.framework */; };
		4A6F24021A9D3D4100E7D366 /* libz.1.1.3.dylib in Frameworks */ = {isa = PBXBuildFile; fileRef = 4A6F24011A9D3D4100E7D366 /* libz.1.1.3.dylib */; };
		4A6F24041A9D3D4B00E7D366 /* libsqlite3.0.dylib in Frameworks */ = {isa = PBXBuildFile; fileRef = 4A6F24031A9D3D4B00E7D366 /* libsqlite3.0.dylib */; };
		4A8CD7BC1A9D5E2C00C4E88F /* MainViewController.m in Sources */ = {isa = PBXBuildFile; fileRef = 4A8CD7BB1A9D5E2C00C4E88F /* MainViewController.m */; };
		4A8CD7C21A9D5E6D00C4E88F /* FAQViewController.m in Sources */ = {isa = PBXBuildFile; fileRef = 4A8CD7C11A9D5E6D00C4E88F /* FAQViewController.m */; };
/* End PBXBuildFile section */

/* Begin PBXContainerItemProxy section */
		4A6F23DB1A9D3B5F00E7D366 /* PBXContainerItemProxy */ = {
			isa = PBXContainerItemProxy;
			containerPortal = 4A6F23B91A9D3B5F00E7D366 /* Project object */;
			proxyType = 1;
			remoteGlobalIDString = 4A6F23C01A9D3B5F00E7D366;
			remoteInfo = Vault_ClientFacingApp;
		};
/* End PBXContainerItemProxy section */

/* Begin PBXFileReference section */
		4A6F23C11A9D3B5F00E7D366 /* Vault_ClientFacingApp.app */ = {isa = PBXFileReference; explicitFileType = wrapper.application; includeInIndex = 0; path = Vault_ClientFacingApp.app; sourceTree = BUILT_PRODUCTS_DIR; };
		4A6F23C51A9D3B5F00E7D366 /* Info.plist */ = {isa = PBXFileReference; lastKnownFileType = text.plist.xml; path = Info.plist; sourceTree = "<group>"; };
		4A6F23C61A9D3B5F00E7D366 /* main.m */ = {isa = PBXFileReference; lastKnownFileType = sourcecode.c.objc; path = main.m; sourceTree = "<group>"; };
		4A6F23C81A9D3B5F00E7D366 /* AppDelegate.h */ = {isa = PBXFileReference; lastKnownFileType = sourcecode.c.h; path = AppDelegate.h; sourceTree = "<group>"; };
		4A6F23C91A9D3B5F00E7D366 /* AppDelegate.m */ = {isa = PBXFileReference; lastKnownFileType = sourcecode.c.objc; path = AppDelegate.m; sourceTree = "<group>"; };
		4A6F23CF1A9D3B5F00E7D366 /* Base */ = {isa = PBXFileReference; lastKnownFileType = file.storyboard; name = Base; path = Base.lproj/Main.storyboard; sourceTree = "<group>"; };
		4A6F23D11A9D3B5F00E7D366 /* Images.xcassets */ = {isa = PBXFileReference; lastKnownFileType = folder.assetcatalog; path = Images.xcassets; sourceTree = "<group>"; };
		4A6F23D41A9D3B5F00E7D366 /* Base */ = {isa = PBXFileReference; lastKnownFileType = file.xib; name = Base; path = Base.lproj/LaunchScreen.xib; sourceTree = "<group>"; };
		4A6F23DA1A9D3B5F00E7D366 /* Vault_ClientFacingAppTests.xctest */ = {isa = PBXFileReference; explicitFileType = wrapper.cfbundle; includeInIndex = 0; path = Vault_ClientFacingAppTests.xctest; sourceTree = BUILT_PRODUCTS_DIR; };
		4A6F23DF1A9D3B5F00E7D366 /* Info.plist */ = {isa = PBXFileReference; lastKnownFileType = text.plist.xml; path = Info.plist; sourceTree = "<group>"; };
		4A6F23E01A9D3B5F00E7D366 /* Vault_ClientFacingAppTests.m */ = {isa = PBXFileReference; lastKnownFileType = sourcecode.c.objc; path = Vault_ClientFacingAppTests.m; sourceTree = "<group>"; };
		4A6F23EB1A9D3CDC00E7D366 /* Bolts.framework */ = {isa = PBXFileReference; lastKnownFileType = wrapper.framework; name = Bolts.framework; path = "../../../../../Downloads/parse-library-1.6.1/Bolts.framework"; sourceTree = "<group>"; };
		4A6F23EC1A9D3CDC00E7D366 /* Parse.framework */ = {isa = PBXFileReference; lastKnownFileType = wrapper.framework; name = Parse.framework; path = "../../../../../Downloads/parse-library-1.6.1/Parse.framework"; sourceTree = "<group>"; };
		4A6F23EF1A9D3CF800E7D366 /* AudioToolbox.framework */ = {isa = PBXFileReference; lastKnownFileType = wrapper.framework; name = AudioToolbox.framework; path = System/Library/Frameworks/AudioToolbox.framework; sourceTree = SDKROOT; };
		4A6F23F11A9D3CFF00E7D366 /* CFNetwork.framework */ = {isa = PBXFileReference; lastKnownFileType = wrapper.framework; name = CFNetwork.framework; path = System/Library/Frameworks/CFNetwork.framework; sourceTree = SDKROOT; };
		4A6F23F31A9D3D0700E7D366 /* CoreGraphics.framework */ = {isa = PBXFileReference; lastKnownFileType = wrapper.framework; name = CoreGraphics.framework; path = System/Library/Frameworks/CoreGraphics.framework; sourceTree = SDKROOT; };
		4A6F23F51A9D3D1000E7D366 /* CoreLocation.framework */ = {isa = PBXFileReference; lastKnownFileType = wrapper.framework; name = CoreLocation.framework; path = System/Library/Frameworks/CoreLocation.framework; sourceTree = SDKROOT; };
		4A6F23F71A9D3D1500E7D366 /* MobileCoreServices.framework */ = {isa = PBXFileReference; lastKnownFileType = wrapper.framework; name = MobileCoreServices.framework; path = System/Library/Frameworks/MobileCoreServices.framework; sourceTree = SDKROOT; };
		4A6F23F91A9D3D1D00E7D366 /* QuartzCore.framework */ = {isa = PBXFileReference; lastKnownFileType = wrapper.framework; name = QuartzCore.framework; path = System/Library/Frameworks/QuartzCore.framework; sourceTree = SDKROOT; };
		4A6F23FB1A9D3D2200E7D366 /* Security.framework */ = {isa = PBXFileReference; lastKnownFileType = wrapper.framework; name = Security.framework; path = System/Library/Frameworks/Security.framework; sourceTree = SDKROOT; };
		4A6F23FD1A9D3D2A00E7D366 /* StoreKit.framework */ = {isa = PBXFileReference; lastKnownFileType = wrapper.framework; name = StoreKit.framework; path = System/Library/Frameworks/StoreKit.framework; sourceTree = SDKROOT; };
		4A6F23FF1A9D3D3100E7D366 /* SystemConfiguration.framework */ = {isa = PBXFileReference; lastKnownFileType = wrapper.framework; name = SystemConfiguration.framework; path = System/Library/Frameworks/SystemConfiguration.framework; sourceTree = SDKROOT; };
		4A6F24011A9D3D4100E7D366 /* libz.1.1.3.dylib */ = {isa = PBXFileReference; lastKnownFileType = "compiled.mach-o.dylib"; name = libz.1.1.3.dylib; path = usr/lib/libz.1.1.3.dylib; sourceTree = SDKROOT; };
		4A6F24031A9D3D4B00E7D366 /* libsqlite3.0.dylib */ = {isa = PBXFileReference; lastKnownFileType = "compiled.mach-o.dylib"; name = libsqlite3.0.dylib; path = usr/lib/libsqlite3.0.dylib; sourceTree = SDKROOT; };
		4A8CD7BA1A9D5E2C00C4E88F /* MainViewController.h */ = {isa = PBXFileReference; fileEncoding = 4; lastKnownFileType = sourcecode.c.h; path = MainViewController.h; sourceTree = "<group>"; };
		4A8CD7BB1A9D5E2C00C4E88F /* MainViewController.m */ = {isa = PBXFileReference; fileEncoding = 4; lastKnownFileType = sourcecode.c.objc; path = MainViewController.m; sourceTree = "<group>"; };
		4A8CD7C01A9D5E6D00C4E88F /* FAQViewController.h */ = {isa = PBXFileReference; fileEncoding = 4; lastKnownFileType = sourcecode.c.h; path = FAQViewController.h; sourceTree = "<group>"; };
		4A8CD7C11A9D5E6D00C4E88F /* FAQViewController.m */ = {isa = PBXFileReference; fileEncoding = 4; lastKnownFileType = sourcecode.c.objc; path = FAQViewController.m; sourceTree = "<group>"; };
/* End PBXFileReference section */

/* Begin PBXFrameworksBuildPhase section */
		4A6F23BE1A9D3B5F00E7D366 /* Frameworks */ = {
			isa = PBXFrameworksBuildPhase;
			buildActionMask = 2147483647;
			files = (
				4A6F24041A9D3D4B00E7D366 /* libsqlite3.0.dylib in Frameworks */,
				4A6F24021A9D3D4100E7D366 /* libz.1.1.3.dylib in Frameworks */,
				4A6F24001A9D3D3100E7D366 /* SystemConfiguration.framework in Frameworks */,
				4A6F23FE1A9D3D2A00E7D366 /* StoreKit.framework in Frameworks */,
				4A6F23FC1A9D3D2200E7D366 /* Security.framework in Frameworks */,
				4A6F23FA1A9D3D1D00E7D366 /* QuartzCore.framework in Frameworks */,
				4A6F23F81A9D3D1500E7D366 /* MobileCoreServices.framework in Frameworks */,
				4A6F23F61A9D3D1000E7D366 /* CoreLocation.framework in Frameworks */,
				4A6F23F41A9D3D0700E7D366 /* CoreGraphics.framework in Frameworks */,
				4A6F23F21A9D3CFF00E7D366 /* CFNetwork.framework in Frameworks */,
				4A6F23F01A9D3CF800E7D366 /* AudioToolbox.framework in Frameworks */,
				4A6F23ED1A9D3CDC00E7D366 /* Bolts.framework in Frameworks */,
				4A6F23EE1A9D3CDC00E7D366 /* Parse.framework in Frameworks */,
			);
			runOnlyForDeploymentPostprocessing = 0;
		};
		4A6F23D71A9D3B5F00E7D366 /* Frameworks */ = {
			isa = PBXFrameworksBuildPhase;
			buildActionMask = 2147483647;
			files = (
			);
			runOnlyForDeploymentPostprocessing = 0;
		};
/* End PBXFrameworksBuildPhase section */

/* Begin PBXGroup section */
		4A6F23B81A9D3B5F00E7D366 = {
			isa = PBXGroup;
			children = (
				4A6F23C31A9D3B5F00E7D366 /* Vault_ClientFacingApp */,
				4A6F23DD1A9D3B5F00E7D366 /* Vault_ClientFacingAppTests */,
				4A6F23C21A9D3B5F00E7D366 /* Products */,
				4A6F23EA1A9D3CB800E7D366 /* Frameworks */,
			);
			sourceTree = "<group>";
		};
		4A6F23C21A9D3B5F00E7D366 /* Products */ = {
			isa = PBXGroup;
			children = (
				4A6F23C11A9D3B5F00E7D366 /* Vault_ClientFacingApp.app */,
				4A6F23DA1A9D3B5F00E7D366 /* Vault_ClientFacingAppTests.xctest */,
			);
			name = Products;
			sourceTree = "<group>";
		};
		4A6F23C31A9D3B5F00E7D366 /* Vault_ClientFacingApp */ = {
			isa = PBXGroup;
			children = (
				4A6F23C81A9D3B5F00E7D366 /* AppDelegate.h */,
				4A6F23C91A9D3B5F00E7D366 /* AppDelegate.m */,
				4A8CD7BA1A9D5E2C00C4E88F /* MainViewController.h */,
				4A8CD7BB1A9D5E2C00C4E88F /* MainViewController.m */,
				4A8CD7C01A9D5E6D00C4E88F /* FAQViewController.h */,
				4A8CD7C11A9D5E6D00C4E88F /* FAQViewController.m */,
				4A6F23CE1A9D3B5F00E7D366 /* Main.storyboard */,
				4A6F23D11A9D3B5F00E7D366 /* Images.xcassets */,
				4A6F23D31A9D3B5F00E7D366 /* LaunchScreen.xib */,
				4A6F23C41A9D3B5F00E7D366 /* Supporting Files */,
			);
			path = Vault_ClientFacingApp;
			sourceTree = "<group>";
		};
		4A6F23C41A9D3B5F00E7D366 /* Supporting Files */ = {
			isa = PBXGroup;
			children = (
				4A6F23C51A9D3B5F00E7D366 /* Info.plist */,
				4A6F23C61A9D3B5F00E7D366 /* main.m */,
			);
			name = "Supporting Files";
			sourceTree = "<group>";
		};
		4A6F23DD1A9D3B5F00E7D366 /* Vault_ClientFacingAppTests */ = {
			isa = PBXGroup;
			children = (
				4A6F23E01A9D3B5F00E7D366 /* Vault_ClientFacingAppTests.m */,
				4A6F23DE1A9D3B5F00E7D366 /* Supporting Files */,
			);
			path = Vault_ClientFacingAppTests;
			sourceTree = "<group>";
		};
		4A6F23DE1A9D3B5F00E7D366 /* Supporting Files */ = {
			isa = PBXGroup;
			children = (
				4A6F23DF1A9D3B5F00E7D366 /* Info.plist */,
			);
			name = "Supporting Files";
			sourceTree = "<group>";
		};
		4A6F23EA1A9D3CB800E7D366 /* Frameworks */ = {
			isa = PBXGroup;
			children = (
				4A6F24031A9D3D4B00E7D366 /* libsqlite3.0.dylib */,
				4A6F24011A9D3D4100E7D366 /* libz.1.1.3.dylib */,
				4A6F23FF1A9D3D3100E7D366 /* SystemConfiguration.framework */,
				4A6F23FD1A9D3D2A00E7D366 /* StoreKit.framework */,
				4A6F23FB1A9D3D2200E7D366 /* Security.framework */,
				4A6F23F91A9D3D1D00E7D366 /* QuartzCore.framework */,
				4A6F23F71A9D3D1500E7D366 /* MobileCoreServices.framework */,
				4A6F23F51A9D3D1000E7D366 /* CoreLocation.framework */,
				4A6F23F31A9D3D0700E7D366 /* CoreGraphics.framework */,
				4A6F23F11A9D3CFF00E7D366 /* CFNetwork.framework */,
				4A6F23EF1A9D3CF800E7D366 /* AudioToolbox.framework */,
				4A6F23EB1A9D3CDC00E7D366 /* Bolts.framework */,
				4A6F23EC1A9D3CDC00E7D366 /* Parse.framework */,
			);
			name = Frameworks;
			sourceTree = "<group>";
		};
/* End PBXGroup section */

/* Begin PBXNativeTarget section */
		4A6F23C01A9D3B5F00E7D366 /* Vault_ClientFacingApp */ = {
			isa = PBXNativeTarget;
			buildConfigurationList = 4A6F23E41A9D3B5F00E7D366 /* Build configuration list for PBXNativeTarget "Vault_ClientFacingApp" */;
			buildPhases = (
				4A6F23BD1A9D3B5F00E7D366 /* Sources */,
				4A6F23BE1A9D3B5F00E7D366 /* Frameworks */,
				4A6F23BF1A9D3B5F00E7D366 /* Resources */,
			);
			buildRules = (
			);
			dependencies = (
			);
			name = Vault_ClientFacingApp;
			productName = Vault_ClientFacingApp;
			productReference = 4A6F23C11A9D3B5F00E7D366 /* Vault_ClientFacingApp.app */;
			productType = "com.apple.product-type.application";
		};
		4A6F23D91A9D3B5F00E7D366 /* Vault_ClientFacingAppTests */ = {
			isa = PBXNativeTarget;
			buildConfigurationList = 4A6F23E71A9D3B5F00E7D366 /* Build configuration list for PBXNativeTarget "Vault_ClientFacingAppTests" */;
			buildPhases = (
				4A6F23D61A9D3B5F00E7D366 /* Sources */,
				4A6F23D71A9D3B5F00E7D366 /* Frameworks */,
				4A6F23D81A9D3B5F00E7D366 /* Resources */,
			);
			buildRules = (
			);
			dependencies = (
				4A6F23DC1A9D3B5F00E7D366 /* PBXTargetDependency */,
			);
			name = Vault_ClientFacingAppTests;
			productName = Vault_ClientFacingAppTests;
			productReference = 4A6F23DA1A9D3B5F00E7D366 /* Vault_ClientFacingAppTests.xctest */;
			productType = "com.apple.product-type.bundle.unit-test";
		};
/* End PBXNativeTarget section */

/* Begin PBXProject section */
		4A6F23B91A9D3B5F00E7D366 /* Project object */ = {
			isa = PBXProject;
			attributes = {
				LastUpgradeCheck = 0610;
				ORGANIZATIONNAME = "Harrison Ferrone";
				TargetAttributes = {
					4A6F23C01A9D3B5F00E7D366 = {
						CreatedOnToolsVersion = 6.1.1;
						DevelopmentTeam = 7864Y9RXSY;
					};
					4A6F23D91A9D3B5F00E7D366 = {
						CreatedOnToolsVersion = 6.1.1;
						TestTargetID = 4A6F23C01A9D3B5F00E7D366;
					};
				};
			};
			buildConfigurationList = 4A6F23BC1A9D3B5F00E7D366 /* Build configuration list for PBXProject "Vault_ClientFacingApp" */;
			compatibilityVersion = "Xcode 3.2";
			developmentRegion = English;
			hasScannedForEncodings = 0;
			knownRegions = (
				en,
				Base,
			);
			mainGroup = 4A6F23B81A9D3B5F00E7D366;
			productRefGroup = 4A6F23C21A9D3B5F00E7D366 /* Products */;
			projectDirPath = "";
			projectRoot = "";
			targets = (
				4A6F23C01A9D3B5F00E7D366 /* Vault_ClientFacingApp */,
				4A6F23D91A9D3B5F00E7D366 /* Vault_ClientFacingAppTests */,
			);
		};
/* End PBXProject section */

/* Begin PBXResourcesBuildPhase section */
		4A6F23BF1A9D3B5F00E7D366 /* Resources */ = {
			isa = PBXResourcesBuildPhase;
			buildActionMask = 2147483647;
			files = (
				4A6F23D01A9D3B5F00E7D366 /* Main.storyboard in Resources */,
				4A6F23D51A9D3B5F00E7D366 /* LaunchScreen.xib in Resources */,
				4A6F23D21A9D3B5F00E7D366 /* Images.xcassets in Resources */,
			);
			runOnlyForDeploymentPostprocessing = 0;
		};
		4A6F23D81A9D3B5F00E7D366 /* Resources */ = {
			isa = PBXResourcesBuildPhase;
			buildActionMask = 2147483647;
			files = (
			);
			runOnlyForDeploymentPostprocessing = 0;
		};
/* End PBXResourcesBuildPhase section */

/* Begin PBXSourcesBuildPhase section */
		4A6F23BD1A9D3B5F00E7D366 /* Sources */ = {
			isa = PBXSourcesBuildPhase;
			buildActionMask = 2147483647;
			files = (
				4A8CD7C21A9D5E6D00C4E88F /* FAQViewController.m in Sources */,
				4A6F23CA1A9D3B5F00E7D366 /* AppDelegate.m in Sources */,
				4A8CD7BC1A9D5E2C00C4E88F /* MainViewController.m in Sources */,
				4A6F23C71A9D3B5F00E7D366 /* main.m in Sources */,
			);
			runOnlyForDeploymentPostprocessing = 0;
		};
		4A6F23D61A9D3B5F00E7D366 /* Sources */ = {
			isa = PBXSourcesBuildPhase;
			buildActionMask = 2147483647;
			files = (
				4A6F23E11A9D3B5F00E7D366 /* Vault_ClientFacingAppTests.m in Sources */,
			);
			runOnlyForDeploymentPostprocessing = 0;
		};
/* End PBXSourcesBuildPhase section */

/* Begin PBXTargetDependency section */
		4A6F23DC1A9D3B5F00E7D366 /* PBXTargetDependency */ = {
			isa = PBXTargetDependency;
			target = 4A6F23C01A9D3B5F00E7D366 /* Vault_ClientFacingApp */;
			targetProxy = 4A6F23DB1A9D3B5F00E7D366 /* PBXContainerItemProxy */;
		};
/* End PBXTargetDependency section */

/* Begin PBXVariantGroup section */
		4A6F23CE1A9D3B5F00E7D366 /* Main.storyboard */ = {
			isa = PBXVariantGroup;
			children = (
				4A6F23CF1A9D3B5F00E7D366 /* Base */,
			);
			name = Main.storyboard;
			sourceTree = "<group>";
		};
		4A6F23D31A9D3B5F00E7D366 /* LaunchScreen.xib */ = {
			isa = PBXVariantGroup;
			children = (
				4A6F23D41A9D3B5F00E7D366 /* Base */,
			);
			name = LaunchScreen.xib;
			sourceTree = "<group>";
		};
/* End PBXVariantGroup section */

/* Begin XCBuildConfiguration section */
		4A6F23E21A9D3B5F00E7D366 /* Debug */ = {
			isa = XCBuildConfiguration;
			buildSettings = {
				ALWAYS_SEARCH_USER_PATHS = NO;
				CLANG_CXX_LANGUAGE_STANDARD = "gnu++0x";
				CLANG_CXX_LIBRARY = "libc++";
				CLANG_ENABLE_MODULES = YES;
				CLANG_ENABLE_OBJC_ARC = YES;
				CLANG_WARN_BOOL_CONVERSION = YES;
				CLANG_WARN_CONSTANT_CONVERSION = YES;
				CLANG_WARN_DIRECT_OBJC_ISA_USAGE = YES_ERROR;
				CLANG_WARN_EMPTY_BODY = YES;
				CLANG_WARN_ENUM_CONVERSION = YES;
				CLANG_WARN_INT_CONVERSION = YES;
				CLANG_WARN_OBJC_ROOT_CLASS = YES_ERROR;
				CLANG_WARN_UNREACHABLE_CODE = YES;
				CLANG_WARN__DUPLICATE_METHOD_MATCH = YES;
				"CODE_SIGN_IDENTITY[sdk=iphoneos*]" = "iPhone Developer";
				COPY_PHASE_STRIP = NO;
				ENABLE_STRICT_OBJC_MSGSEND = YES;
				GCC_C_LANGUAGE_STANDARD = gnu99;
				GCC_DYNAMIC_NO_PIC = NO;
				GCC_OPTIMIZATION_LEVEL = 0;
				GCC_PREPROCESSOR_DEFINITIONS = (
					"DEBUG=1",
					"$(inherited)",
				);
				GCC_SYMBOLS_PRIVATE_EXTERN = NO;
				GCC_WARN_64_TO_32_BIT_CONVERSION = YES;
				GCC_WARN_ABOUT_RETURN_TYPE = YES_ERROR;
				GCC_WARN_UNDECLARED_SELECTOR = YES;
				GCC_WARN_UNINITIALIZED_AUTOS = YES_AGGRESSIVE;
				GCC_WARN_UNUSED_FUNCTION = YES;
				GCC_WARN_UNUSED_VARIABLE = YES;
				IPHONEOS_DEPLOYMENT_TARGET = 8.1;
				MTL_ENABLE_DEBUG_INFO = YES;
				ONLY_ACTIVE_ARCH = YES;
				SDKROOT = iphoneos;
				TARGETED_DEVICE_FAMILY = "1,2";
			};
			name = Debug;
		};
		4A6F23E31A9D3B5F00E7D366 /* Release */ = {
			isa = XCBuildConfiguration;
			buildSettings = {
				ALWAYS_SEARCH_USER_PATHS = NO;
				CLANG_CXX_LANGUAGE_STANDARD = "gnu++0x";
				CLANG_CXX_LIBRARY = "libc++";
				CLANG_ENABLE_MODULES = YES;
				CLANG_ENABLE_OBJC_ARC = YES;
				CLANG_WARN_BOOL_CONVERSION = YES;
				CLANG_WARN_CONSTANT_CONVERSION = YES;
				CLANG_WARN_DIRECT_OBJC_ISA_USAGE = YES_ERROR;
				CLANG_WARN_EMPTY_BODY = YES;
				CLANG_WARN_ENUM_CONVERSION = YES;
				CLANG_WARN_INT_CONVERSION = YES;
				CLANG_WARN_OBJC_ROOT_CLASS = YES_ERROR;
				CLANG_WARN_UNREACHABLE_CODE = YES;
				CLANG_WARN__DUPLICATE_METHOD_MATCH = YES;
				"CODE_SIGN_IDENTITY[sdk=iphoneos*]" = "iPhone Developer";
				COPY_PHASE_STRIP = YES;
				ENABLE_NS_ASSERTIONS = NO;
				ENABLE_STRICT_OBJC_MSGSEND = YES;
				GCC_C_LANGUAGE_STANDARD = gnu99;
				GCC_WARN_64_TO_32_BIT_CONVERSION = YES;
				GCC_WARN_ABOUT_RETURN_TYPE = YES_ERROR;
				GCC_WARN_UNDECLARED_SELECTOR = YES;
				GCC_WARN_UNINITIALIZED_AUTOS = YES_AGGRESSIVE;
				GCC_WARN_UNUSED_FUNCTION = YES;
				GCC_WARN_UNUSED_VARIABLE = YES;
				IPHONEOS_DEPLOYMENT_TARGET = 8.1;
				MTL_ENABLE_DEBUG_INFO = NO;
				SDKROOT = iphoneos;
				TARGETED_DEVICE_FAMILY = "1,2";
				VALIDATE_PRODUCT = YES;
			};
			name = Release;
		};
		4A6F23E51A9D3B5F00E7D366 /* Debug */ = {
			isa = XCBuildConfiguration;
			buildSettings = {
				ASSETCATALOG_COMPILER_APPICON_NAME = AppIcon;
				CODE_SIGN_IDENTITY = "iPhone Developer";
				FRAMEWORK_SEARCH_PATHS = (
					"$(inherited)",
					"/Users/hferrone1/Downloads/parse-library-1.6.1",
				);
				INFOPLIST_FILE = Vault_ClientFacingApp/Info.plist;
				LD_RUNPATH_SEARCH_PATHS = "$(inherited) @executable_path/Frameworks";
				PRODUCT_NAME = "$(TARGET_NAME)";
			};
			name = Debug;
		};
		4A6F23E61A9D3B5F00E7D366 /* Release */ = {
			isa = XCBuildConfiguration;
			buildSettings = {
				ASSETCATALOG_COMPILER_APPICON_NAME = AppIcon;
				CODE_SIGN_IDENTITY = "iPhone Developer";
				FRAMEWORK_SEARCH_PATHS = (
					"$(inherited)",
					"/Users/hferrone1/Downloads/parse-library-1.6.1",
				);
				INFOPLIST_FILE = Vault_ClientFacingApp/Info.plist;
				LD_RUNPATH_SEARCH_PATHS = "$(inherited) @executable_path/Frameworks";
				PRODUCT_NAME = "$(TARGET_NAME)";
			};
			name = Release;
		};
		4A6F23E81A9D3B5F00E7D366 /* Debug */ = {
			isa = XCBuildConfiguration;
			buildSettings = {
				BUNDLE_LOADER = "$(TEST_HOST)";
				FRAMEWORK_SEARCH_PATHS = (
					"$(SDKROOT)/Developer/Library/Frameworks",
					"$(inherited)",
				);
				GCC_PREPROCESSOR_DEFINITIONS = (
					"DEBUG=1",
					"$(inherited)",
				);
				INFOPLIST_FILE = Vault_ClientFacingAppTests/Info.plist;
				LD_RUNPATH_SEARCH_PATHS = "$(inherited) @executable_path/Frameworks @loader_path/Frameworks";
				PRODUCT_NAME = "$(TARGET_NAME)";
				TEST_HOST = "$(BUILT_PRODUCTS_DIR)/Vault_ClientFacingApp.app/Vault_ClientFacingApp";
			};
			name = Debug;
		};
		4A6F23E91A9D3B5F00E7D366 /* Release */ = {
			isa = XCBuildConfiguration;
			buildSettings = {
				BUNDLE_LOADER = "$(TEST_HOST)";
				FRAMEWORK_SEARCH_PATHS = (
					"$(SDKROOT)/Developer/Library/Frameworks",
					"$(inherited)",
				);
				INFOPLIST_FILE = Vault_ClientFacingAppTests/Info.plist;
				LD_RUNPATH_SEARCH_PATHS = "$(inherited) @executable_path/Frameworks @loader_path/Frameworks";
				PRODUCT_NAME = "$(TARGET_NAME)";
				TEST_HOST = "$(BUILT_PRODUCTS_DIR)/Vault_ClientFacingApp.app/Vault_ClientFacingApp";
			};
			name = Release;
		};
/* End XCBuildConfiguration section */

/* Begin XCConfigurationList section */
		4A6F23BC1A9D3B5F00E7D366 /* Build configuration list for PBXProject "Vault_ClientFacingApp" */ = {
			isa = XCConfigurationList;
			buildConfigurations = (
				4A6F23E21A9D3B5F00E7D366 /* Debug */,
				4A6F23E31A9D3B5F00E7D366 /* Release */,
			);
			defaultConfigurationIsVisible = 0;
			defaultConfigurationName = Release;
		};
		4A6F23E41A9D3B5F00E7D366 /* Build configuration list for PBXNativeTarget "Vault_ClientFacingApp" */ = {
			isa = XCConfigurationList;
			buildConfigurations = (
				4A6F23E51A9D3B5F00E7D366 /* Debug */,
				4A6F23E61A9D3B5F00E7D366 /* Release */,
			);
			defaultConfigurationIsVisible = 0;
			defaultConfigurationName = Release;
		};
		4A6F23E71A9D3B5F00E7D366 /* Build configuration list for PBXNativeTarget "Vault_ClientFacingAppTests" */ = {
			isa = XCConfigurationList;
			buildConfigurations = (
				4A6F23E81A9D3B5F00E7D366 /* Debug */,
				4A6F23E91A9D3B5F00E7D366 /* Release */,
			);
			defaultConfigurationIsVisible = 0;
			defaultConfigurationName = Release;
		};
/* End XCConfigurationList section */
	};
	rootObject = 4A6F23B91A9D3B5F00E7D366 /* Project object */;
}
