// !$*UTF8*$!
{
	archiveVersion = 1;
	classes = {
	};
	objectVersion = 46;
	objects = {

/* Begin PBXBuildFile section */
		4A29FE5E1AA110E300776FE3 /* UIKit.framework in Frameworks */ = {isa = PBXBuildFile; fileRef = 4A29FE5D1AA110E300776FE3 /* UIKit.framework */; };
		4A29FE601AA110F200776FE3 /* Foundation.framework in Frameworks */ = {isa = PBXBuildFile; fileRef = 4A29FE5F1AA110F200776FE3 /* Foundation.framework */; };
		4A2B21481AE553F900F9E07C /* CustomColors.m in Sources */ = {isa = PBXBuildFile; fileRef = 4A2B21471AE553F900F9E07C /* CustomColors.m */; };
		4A2C3F701AE806AC001A7A4B /* TaskTableViewCell.m in Sources */ = {isa = PBXBuildFile; fileRef = 4A2C3F6F1AE806AC001A7A4B /* TaskTableViewCell.m */; };
		4A2C3F731AE848BE001A7A4B /* LogTableViewCell.m in Sources */ = {isa = PBXBuildFile; fileRef = 4A2C3F721AE848BE001A7A4B /* LogTableViewCell.m */; };
		4A2C97121AE6AB4C00E8BBD5 /* RegistrationCollectionViewCell.m in Sources */ = {isa = PBXBuildFile; fileRef = 4A2C97111AE6AB4C00E8BBD5 /* RegistrationCollectionViewCell.m */; };
		4A2E7F9D1AE6CE4B003CC1D3 /* TasksViewController.m in Sources */ = {isa = PBXBuildFile; fileRef = 4A2E7F9C1AE6CE4B003CC1D3 /* TasksViewController.m */; };
		4A2E7FA31AE6DFC1003CC1D3 /* AchievementsDetailViewController.m in Sources */ = {isa = PBXBuildFile; fileRef = 4A2E7FA21AE6DFC1003CC1D3 /* AchievementsDetailViewController.m */; };
		4A2E7FA61AE6DFCD003CC1D3 /* AchievementsListViewController.m in Sources */ = {isa = PBXBuildFile; fileRef = 4A2E7FA51AE6DFCD003CC1D3 /* AchievementsListViewController.m */; };
		4A2E7FA91AE6E006003CC1D3 /* LogViewController.m in Sources */ = {isa = PBXBuildFile; fileRef = 4A2E7FA81AE6E006003CC1D3 /* LogViewController.m */; };
		4A442AB31AFAA71400CC081F /* PortalViewController.m in Sources */ = {isa = PBXBuildFile; fileRef = 4A442AB21AFAA71400CC081F /* PortalViewController.m */; };
		4A442AB61AFAB24D00CC081F /* DevIntroParentViewController.m in Sources */ = {isa = PBXBuildFile; fileRef = 4A442AB51AFAB24D00CC081F /* DevIntroParentViewController.m */; };
		4A442AB91AFAB28F00CC081F /* DevIntroChildViewController.m in Sources */ = {isa = PBXBuildFile; fileRef = 4A442AB81AFAB28F00CC081F /* DevIntroChildViewController.m */; };
		4A442ABC1AFAB72300CC081F /* ClientIntroParentViewController.m in Sources */ = {isa = PBXBuildFile; fileRef = 4A442ABB1AFAB72300CC081F /* ClientIntroParentViewController.m */; };
		4A442ABF1AFAB73700CC081F /* ClientIntroChildViewController.m in Sources */ = {isa = PBXBuildFile; fileRef = 4A442ABE1AFAB73700CC081F /* ClientIntroChildViewController.m */; };
		4A4BF4FD1AE5A455001FB109 /* PasswordRecoveryViewController.m in Sources */ = {isa = PBXBuildFile; fileRef = 4A4BF4FC1AE5A455001FB109 /* PasswordRecoveryViewController.m */; };
		4A563A871AA008430081FF26 /* MessageUI.framework in Frameworks */ = {isa = PBXBuildFile; fileRef = 4A563A861AA008430081FF26 /* MessageUI.framework */; };
		4A6F23C71A9D3B5F00E7D366 /* main.m in Sources */ = {isa = PBXBuildFile; fileRef = 4A6F23C61A9D3B5F00E7D366 /* main.m */; };
		4A6F23CA1A9D3B5F00E7D366 /* AppDelegate.m in Sources */ = {isa = PBXBuildFile; fileRef = 4A6F23C91A9D3B5F00E7D366 /* AppDelegate.m */; };
		4A6F23D01A9D3B5F00E7D366 /* Main.storyboard in Resources */ = {isa = PBXBuildFile; fileRef = 4A6F23CE1A9D3B5F00E7D366 /* Main.storyboard */; };
		4A6F23D21A9D3B5F00E7D366 /* Images.xcassets in Resources */ = {isa = PBXBuildFile; fileRef = 4A6F23D11A9D3B5F00E7D366 /* Images.xcassets */; };
		4A6F23D51A9D3B5F00E7D366 /* LaunchScreen.xib in Resources */ = {isa = PBXBuildFile; fileRef = 4A6F23D31A9D3B5F00E7D366 /* LaunchScreen.xib */; };
		4A6F23E11A9D3B5F00E7D366 /* Vault_ClientFacingAppTests.m in Sources */ = {isa = PBXBuildFile; fileRef = 4A6F23E01A9D3B5F00E7D366 /* Vault_ClientFacingAppTests.m */; };
		4A6F23ED1A9D3CDC00E7D366 /* Bolts.framework in Frameworks */ = {isa = PBXBuildFile; fileRef = 4A6F23EB1A9D3CDC00E7D366 /* Bolts.framework */; };
		4A6F23EE1A9D3CDC00E7D366 /* Parse.framework in Frameworks */ = {isa = PBXBuildFile; fileRef = 4A6F23EC1A9D3CDC00E7D366 /* Parse.framework */; };
		4A6F23F01A9D3CF800E7D366 /* AudioToolbox.framework in Frameworks */ = {isa = PBXBuildFile; fileRef = 4A6F23EF1A9D3CF800E7D366 /* AudioToolbox.framework */; };
		4A6F23F21A9D3CFF00E7D366 /* CFNetwork.framework in Frameworks */ = {isa = PBXBuildFile; fileRef = 4A6F23F11A9D3CFF00E7D366 /* CFNetwork.framework */; };
		4A6F23F41A9D3D0700E7D366 /* CoreGraphics.framework in Frameworks */ = {isa = PBXBuildFile; fileRef = 4A6F23F31A9D3D0700E7D366 /* CoreGraphics.framework */; };
		4A6F23F61A9D3D1000E7D366 /* CoreLocation.framework in Frameworks */ = {isa = PBXBuildFile; fileRef = 4A6F23F51A9D3D1000E7D366 /* CoreLocation.framework */; };
		4A6F23F81A9D3D1500E7D366 /* MobileCoreServices.framework in Frameworks */ = {isa = PBXBuildFile; fileRef = 4A6F23F71A9D3D1500E7D366 /* MobileCoreServices.framework */; };
		4A6F23FA1A9D3D1D00E7D366 /* QuartzCore.framework in Frameworks */ = {isa = PBXBuildFile; fileRef = 4A6F23F91A9D3D1D00E7D366 /* QuartzCore.framework */; };
		4A6F23FC1A9D3D2200E7D366 /* Security.framework in Frameworks */ = {isa = PBXBuildFile; fileRef = 4A6F23FB1A9D3D2200E7D366 /* Security.framework */; };
		4A6F23FE1A9D3D2A00E7D366 /* StoreKit.framework in Frameworks */ = {isa = PBXBuildFile; fileRef = 4A6F23FD1A9D3D2A00E7D366 /* StoreKit.framework */; };
		4A6F24001A9D3D3100E7D366 /* SystemConfiguration.framework in Frameworks */ = {isa = PBXBuildFile; fileRef = 4A6F23FF1A9D3D3100E7D366 /* SystemConfiguration.framework */; };
		4A6F24021A9D3D4100E7D366 /* libz.1.1.3.dylib in Frameworks */ = {isa = PBXBuildFile; fileRef = 4A6F24011A9D3D4100E7D366 /* libz.1.1.3.dylib */; };
		4A6F24041A9D3D4B00E7D366 /* libsqlite3.0.dylib in Frameworks */ = {isa = PBXBuildFile; fileRef = 4A6F24031A9D3D4B00E7D366 /* libsqlite3.0.dylib */; };
		4A75413A1ADF052A00EB1A15 /* SettingsViewController.m in Sources */ = {isa = PBXBuildFile; fileRef = 4A7541391ADF052A00EB1A15 /* SettingsViewController.m */; };
		4A8454341AD467DA00E5AB02 /* LoginViewController.m in Sources */ = {isa = PBXBuildFile; fileRef = 4A8454331AD467DA00E5AB02 /* LoginViewController.m */; };
		4A84543A1AD4691700E5AB02 /* RegistrationViewController.m in Sources */ = {isa = PBXBuildFile; fileRef = 4A8454391AD4691700E5AB02 /* RegistrationViewController.m */; };
		4A8CD7BC1A9D5E2C00C4E88F /* MainViewController.m in Sources */ = {isa = PBXBuildFile; fileRef = 4A8CD7BB1A9D5E2C00C4E88F /* MainViewController.m */; };
		4A8CD7C21A9D5E6D00C4E88F /* FAQViewController.m in Sources */ = {isa = PBXBuildFile; fileRef = 4A8CD7C11A9D5E6D00C4E88F /* FAQViewController.m */; };
		4A9E482E1AD7185100A17762 /* ProfileViewController.m in Sources */ = {isa = PBXBuildFile; fileRef = 4A9E482D1AD7185100A17762 /* ProfileViewController.m */; };
		4AAE57641AEE8C7E00A90DEF /* HubVelocityViewController.m in Sources */ = {isa = PBXBuildFile; fileRef = 4AAE57631AEE8C7E00A90DEF /* HubVelocityViewController.m */; };
		4AAE576D1AEEBC2700A90DEF /* HubAchievementTableViewCell.m in Sources */ = {isa = PBXBuildFile; fileRef = 4AAE576C1AEEBC2700A90DEF /* HubAchievementTableViewCell.m */; };
		4AAF2A4C1AE03ADD0068BC27 /* Users.m in Sources */ = {isa = PBXBuildFile; fileRef = 4AAF2A4B1AE03ADD0068BC27 /* Users.m */; };
		4AB3DC601AEA9C56009ED67D /* AchievementListCollectionViewCell.m in Sources */ = {isa = PBXBuildFile; fileRef = 4AB3DC5F1AEA9C56009ED67D /* AchievementListCollectionViewCell.m */; };
		4AB3DD2F1AEAA158009ED67D /* UserAchievementsCollectionViewCell.m in Sources */ = {isa = PBXBuildFile; fileRef = 4AB3DD2E1AEAA158009ED67D /* UserAchievementsCollectionViewCell.m */; };
		4AB8C94F1AF16E2F00B101FF /* CorePlotViewController.m in Sources */ = {isa = PBXBuildFile; fileRef = 4AB8C94E1AF16E2F00B101FF /* CorePlotViewController.m */; };
		4AB99C961AE1AAEE007F95A2 /* Helpers.m in Sources */ = {isa = PBXBuildFile; fileRef = 4AB99C951AE1AAEE007F95A2 /* Helpers.m */; };
		4AE8D1521AD72221009C3DEB /* SkillTreeViewController.m in Sources */ = {isa = PBXBuildFile; fileRef = 4AE8D1511AD72221009C3DEB /* SkillTreeViewController.m */; };
		59D73210AF41C9DEC84FBCED /* libPods-Vault_ClientFacingApp.a in Frameworks */ = {isa = PBXBuildFile; fileRef = 02C078148325B646D8DF5C89 /* libPods-Vault_ClientFacingApp.a */; };
/* End PBXBuildFile section */

/* Begin PBXContainerItemProxy section */
		4A6F23DB1A9D3B5F00E7D366 /* PBXContainerItemProxy */ = {
			isa = PBXContainerItemProxy;
			containerPortal = 4A6F23B91A9D3B5F00E7D366 /* Project object */;
			proxyType = 1;
			remoteGlobalIDString = 4A6F23C01A9D3B5F00E7D366;
			remoteInfo = Vault_ClientFacingApp;
		};
/* End PBXContainerItemProxy section */

/* Begin PBXFileReference section */
		02C078148325B646D8DF5C89 /* libPods-Vault_ClientFacingApp.a */ = {isa = PBXFileReference; explicitFileType = archive.ar; includeInIndex = 0; path = "libPods-Vault_ClientFacingApp.a"; sourceTree = BUILT_PRODUCTS_DIR; };
		05BB3B2A788A087685DA6FC7 /* Pods-Vault_ClientFacingApp.release.xcconfig */ = {isa = PBXFileReference; includeInIndex = 1; lastKnownFileType = text.xcconfig; name = "Pods-Vault_ClientFacingApp.release.xcconfig"; path = "Pods/Target Support Files/Pods-Vault_ClientFacingApp/Pods-Vault_ClientFacingApp.release.xcconfig"; sourceTree = "<group>"; };
		4A29FE5D1AA110E300776FE3 /* UIKit.framework */ = {isa = PBXFileReference; lastKnownFileType = wrapper.framework; name = UIKit.framework; path = System/Library/Frameworks/UIKit.framework; sourceTree = SDKROOT; };
		4A29FE5F1AA110F200776FE3 /* Foundation.framework */ = {isa = PBXFileReference; lastKnownFileType = wrapper.framework; name = Foundation.framework; path = System/Library/Frameworks/Foundation.framework; sourceTree = SDKROOT; };
		4A2B21461AE553F900F9E07C /* CustomColors.h */ = {isa = PBXFileReference; fileEncoding = 4; lastKnownFileType = sourcecode.c.h; path = CustomColors.h; sourceTree = "<group>"; };
		4A2B21471AE553F900F9E07C /* CustomColors.m */ = {isa = PBXFileReference; fileEncoding = 4; lastKnownFileType = sourcecode.c.objc; path = CustomColors.m; sourceTree = "<group>"; };
		4A2C3F6E1AE806AC001A7A4B /* TaskTableViewCell.h */ = {isa = PBXFileReference; fileEncoding = 4; lastKnownFileType = sourcecode.c.h; path = TaskTableViewCell.h; sourceTree = "<group>"; };
		4A2C3F6F1AE806AC001A7A4B /* TaskTableViewCell.m */ = {isa = PBXFileReference; fileEncoding = 4; lastKnownFileType = sourcecode.c.objc; path = TaskTableViewCell.m; sourceTree = "<group>"; };
		4A2C3F711AE848BE001A7A4B /* LogTableViewCell.h */ = {isa = PBXFileReference; fileEncoding = 4; lastKnownFileType = sourcecode.c.h; path = LogTableViewCell.h; sourceTree = "<group>"; };
		4A2C3F721AE848BE001A7A4B /* LogTableViewCell.m */ = {isa = PBXFileReference; fileEncoding = 4; lastKnownFileType = sourcecode.c.objc; path = LogTableViewCell.m; sourceTree = "<group>"; };
		4A2C97101AE6AB4C00E8BBD5 /* RegistrationCollectionViewCell.h */ = {isa = PBXFileReference; fileEncoding = 4; lastKnownFileType = sourcecode.c.h; path = RegistrationCollectionViewCell.h; sourceTree = "<group>"; };
		4A2C97111AE6AB4C00E8BBD5 /* RegistrationCollectionViewCell.m */ = {isa = PBXFileReference; fileEncoding = 4; lastKnownFileType = sourcecode.c.objc; path = RegistrationCollectionViewCell.m; sourceTree = "<group>"; };
		4A2E7F9B1AE6CE4B003CC1D3 /* TasksViewController.h */ = {isa = PBXFileReference; fileEncoding = 4; lastKnownFileType = sourcecode.c.h; path = TasksViewController.h; sourceTree = "<group>"; };
		4A2E7F9C1AE6CE4B003CC1D3 /* TasksViewController.m */ = {isa = PBXFileReference; fileEncoding = 4; lastKnownFileType = sourcecode.c.objc; path = TasksViewController.m; sourceTree = "<group>"; };
		4A2E7FA11AE6DFC1003CC1D3 /* AchievementsDetailViewController.h */ = {isa = PBXFileReference; fileEncoding = 4; lastKnownFileType = sourcecode.c.h; path = AchievementsDetailViewController.h; sourceTree = "<group>"; };
		4A2E7FA21AE6DFC1003CC1D3 /* AchievementsDetailViewController.m */ = {isa = PBXFileReference; fileEncoding = 4; lastKnownFileType = sourcecode.c.objc; path = AchievementsDetailViewController.m; sourceTree = "<group>"; };
		4A2E7FA41AE6DFCD003CC1D3 /* AchievementsListViewController.h */ = {isa = PBXFileReference; fileEncoding = 4; lastKnownFileType = sourcecode.c.h; path = AchievementsListViewController.h; sourceTree = "<group>"; };
		4A2E7FA51AE6DFCD003CC1D3 /* AchievementsListViewController.m */ = {isa = PBXFileReference; fileEncoding = 4; lastKnownFileType = sourcecode.c.objc; path = AchievementsListViewController.m; sourceTree = "<group>"; };
		4A2E7FA71AE6E006003CC1D3 /* LogViewController.h */ = {isa = PBXFileReference; fileEncoding = 4; lastKnownFileType = sourcecode.c.h; path = LogViewController.h; sourceTree = "<group>"; };
		4A2E7FA81AE6E006003CC1D3 /* LogViewController.m */ = {isa = PBXFileReference; fileEncoding = 4; lastKnownFileType = sourcecode.c.objc; path = LogViewController.m; sourceTree = "<group>"; };
		4A442AB11AFAA71400CC081F /* PortalViewController.h */ = {isa = PBXFileReference; fileEncoding = 4; lastKnownFileType = sourcecode.c.h; path = PortalViewController.h; sourceTree = "<group>"; };
		4A442AB21AFAA71400CC081F /* PortalViewController.m */ = {isa = PBXFileReference; fileEncoding = 4; lastKnownFileType = sourcecode.c.objc; path = PortalViewController.m; sourceTree = "<group>"; };
		4A442AB41AFAB24D00CC081F /* DevIntroParentViewController.h */ = {isa = PBXFileReference; fileEncoding = 4; lastKnownFileType = sourcecode.c.h; path = DevIntroParentViewController.h; sourceTree = "<group>"; };
		4A442AB51AFAB24D00CC081F /* DevIntroParentViewController.m */ = {isa = PBXFileReference; fileEncoding = 4; lastKnownFileType = sourcecode.c.objc; path = DevIntroParentViewController.m; sourceTree = "<group>"; };
		4A442AB71AFAB28F00CC081F /* DevIntroChildViewController.h */ = {isa = PBXFileReference; fileEncoding = 4; lastKnownFileType = sourcecode.c.h; path = DevIntroChildViewController.h; sourceTree = "<group>"; };
		4A442AB81AFAB28F00CC081F /* DevIntroChildViewController.m */ = {isa = PBXFileReference; fileEncoding = 4; lastKnownFileType = sourcecode.c.objc; path = DevIntroChildViewController.m; sourceTree = "<group>"; };
		4A442ABA1AFAB72300CC081F /* ClientIntroParentViewController.h */ = {isa = PBXFileReference; fileEncoding = 4; lastKnownFileType = sourcecode.c.h; path = ClientIntroParentViewController.h; sourceTree = "<group>"; };
		4A442ABB1AFAB72300CC081F /* ClientIntroParentViewController.m */ = {isa = PBXFileReference; fileEncoding = 4; lastKnownFileType = sourcecode.c.objc; path = ClientIntroParentViewController.m; sourceTree = "<group>"; };
		4A442ABD1AFAB73700CC081F /* ClientIntroChildViewController.h */ = {isa = PBXFileReference; fileEncoding = 4; lastKnownFileType = sourcecode.c.h; path = ClientIntroChildViewController.h; sourceTree = "<group>"; };
		4A442ABE1AFAB73700CC081F /* ClientIntroChildViewController.m */ = {isa = PBXFileReference; fileEncoding = 4; lastKnownFileType = sourcecode.c.objc; path = ClientIntroChildViewController.m; sourceTree = "<group>"; };
		4A4BF4FB1AE5A455001FB109 /* PasswordRecoveryViewController.h */ = {isa = PBXFileReference; fileEncoding = 4; lastKnownFileType = sourcecode.c.h; path = PasswordRecoveryViewController.h; sourceTree = "<group>"; };
		4A4BF4FC1AE5A455001FB109 /* PasswordRecoveryViewController.m */ = {isa = PBXFileReference; fileEncoding = 4; lastKnownFileType = sourcecode.c.objc; path = PasswordRecoveryViewController.m; sourceTree = "<group>"; };
		4A563A861AA008430081FF26 /* MessageUI.framework */ = {isa = PBXFileReference; lastKnownFileType = wrapper.framework; name = MessageUI.framework; path = System/Library/Frameworks/MessageUI.framework; sourceTree = SDKROOT; };
		4A6F23C11A9D3B5F00E7D366 /* Vault_ClientFacingApp.app */ = {isa = PBXFileReference; explicitFileType = wrapper.application; includeInIndex = 0; path = Vault_ClientFacingApp.app; sourceTree = BUILT_PRODUCTS_DIR; };
		4A6F23C51A9D3B5F00E7D366 /* Info.plist */ = {isa = PBXFileReference; lastKnownFileType = text.plist.xml; path = Info.plist; sourceTree = "<group>"; };
		4A6F23C61A9D3B5F00E7D366 /* main.m */ = {isa = PBXFileReference; lastKnownFileType = sourcecode.c.objc; path = main.m; sourceTree = "<group>"; };
		4A6F23C81A9D3B5F00E7D366 /* AppDelegate.h */ = {isa = PBXFileReference; lastKnownFileType = sourcecode.c.h; path = AppDelegate.h; sourceTree = "<group>"; };
		4A6F23C91A9D3B5F00E7D366 /* AppDelegate.m */ = {isa = PBXFileReference; lastKnownFileType = sourcecode.c.objc; path = AppDelegate.m; sourceTree = "<group>"; };
		4A6F23CF1A9D3B5F00E7D366 /* Base */ = {isa = PBXFileReference; lastKnownFileType = file.storyboard; name = Base; path = Base.lproj/Main.storyboard; sourceTree = "<group>"; };
		4A6F23D11A9D3B5F00E7D366 /* Images.xcassets */ = {isa = PBXFileReference; lastKnownFileType = folder.assetcatalog; path = Images.xcassets; sourceTree = "<group>"; };
		4A6F23D41A9D3B5F00E7D366 /* Base */ = {isa = PBXFileReference; lastKnownFileType = file.xib; name = Base; path = Base.lproj/LaunchScreen.xib; sourceTree = "<group>"; };
		4A6F23DA1A9D3B5F00E7D366 /* Vault_ClientFacingAppTests.xctest */ = {isa = PBXFileReference; explicitFileType = wrapper.cfbundle; includeInIndex = 0; path = Vault_ClientFacingAppTests.xctest; sourceTree = BUILT_PRODUCTS_DIR; };
		4A6F23DF1A9D3B5F00E7D366 /* Info.plist */ = {isa = PBXFileReference; lastKnownFileType = text.plist.xml; path = Info.plist; sourceTree = "<group>"; };
		4A6F23E01A9D3B5F00E7D366 /* Vault_ClientFacingAppTests.m */ = {isa = PBXFileReference; lastKnownFileType = sourcecode.c.objc; path = Vault_ClientFacingAppTests.m; sourceTree = "<group>"; };
		4A6F23EB1A9D3CDC00E7D366 /* Bolts.framework */ = {isa = PBXFileReference; lastKnownFileType = wrapper.framework; name = Bolts.framework; path = "../../../../../Downloads/parse-library-1.6.1/Bolts.framework"; sourceTree = "<group>"; };
		4A6F23EC1A9D3CDC00E7D366 /* Parse.framework */ = {isa = PBXFileReference; lastKnownFileType = wrapper.framework; name = Parse.framework; path = "../../../../../Downloads/parse-library-1.6.1/Parse.framework"; sourceTree = "<group>"; };
		4A6F23EF1A9D3CF800E7D366 /* AudioToolbox.framework */ = {isa = PBXFileReference; lastKnownFileType = wrapper.framework; name = AudioToolbox.framework; path = System/Library/Frameworks/AudioToolbox.framework; sourceTree = SDKROOT; };
		4A6F23F11A9D3CFF00E7D366 /* CFNetwork.framework */ = {isa = PBXFileReference; lastKnownFileType = wrapper.framework; name = CFNetwork.framework; path = System/Library/Frameworks/CFNetwork.framework; sourceTree = SDKROOT; };
		4A6F23F31A9D3D0700E7D366 /* CoreGraphics.framework */ = {isa = PBXFileReference; lastKnownFileType = wrapper.framework; name = CoreGraphics.framework; path = System/Library/Frameworks/CoreGraphics.framework; sourceTree = SDKROOT; };
		4A6F23F51A9D3D1000E7D366 /* CoreLocation.framework */ = {isa = PBXFileReference; lastKnownFileType = wrapper.framework; name = CoreLocation.framework; path = System/Library/Frameworks/CoreLocation.framework; sourceTree = SDKROOT; };
		4A6F23F71A9D3D1500E7D366 /* MobileCoreServices.framework */ = {isa = PBXFileReference; lastKnownFileType = wrapper.framework; name = MobileCoreServices.framework; path = System/Library/Frameworks/MobileCoreServices.framework; sourceTree = SDKROOT; };
		4A6F23F91A9D3D1D00E7D366 /* QuartzCore.framework */ = {isa = PBXFileReference; lastKnownFileType = wrapper.framework; name = QuartzCore.framework; path = System/Library/Frameworks/QuartzCore.framework; sourceTree = SDKROOT; };
		4A6F23FB1A9D3D2200E7D366 /* Security.framework */ = {isa = PBXFileReference; lastKnownFileType = wrapper.framework; name = Security.framework; path = System/Library/Frameworks/Security.framework; sourceTree = SDKROOT; };
		4A6F23FD1A9D3D2A00E7D366 /* StoreKit.framework */ = {isa = PBXFileReference; lastKnownFileType = wrapper.framework; name = StoreKit.framework; path = System/Library/Frameworks/StoreKit.framework; sourceTree = SDKROOT; };
		4A6F23FF1A9D3D3100E7D366 /* SystemConfiguration.framework */ = {isa = PBXFileReference; lastKnownFileType = wrapper.framework; name = SystemConfiguration.framework; path = System/Library/Frameworks/SystemConfiguration.framework; sourceTree = SDKROOT; };
		4A6F24011A9D3D4100E7D366 /* libz.1.1.3.dylib */ = {isa = PBXFileReference; lastKnownFileType = "compiled.mach-o.dylib"; name = libz.1.1.3.dylib; path = usr/lib/libz.1.1.3.dylib; sourceTree = SDKROOT; };
		4A6F24031A9D3D4B00E7D366 /* libsqlite3.0.dylib */ = {isa = PBXFileReference; lastKnownFileType = "compiled.mach-o.dylib"; name = libsqlite3.0.dylib; path = usr/lib/libsqlite3.0.dylib; sourceTree = SDKROOT; };
		4A7541381ADF052A00EB1A15 /* SettingsViewController.h */ = {isa = PBXFileReference; fileEncoding = 4; lastKnownFileType = sourcecode.c.h; path = SettingsViewController.h; sourceTree = "<group>"; };
		4A7541391ADF052A00EB1A15 /* SettingsViewController.m */ = {isa = PBXFileReference; fileEncoding = 4; lastKnownFileType = sourcecode.c.objc; path = SettingsViewController.m; sourceTree = "<group>"; };
		4A8454321AD467DA00E5AB02 /* LoginViewController.h */ = {isa = PBXFileReference; fileEncoding = 4; lastKnownFileType = sourcecode.c.h; path = LoginViewController.h; sourceTree = "<group>"; };
		4A8454331AD467DA00E5AB02 /* LoginViewController.m */ = {isa = PBXFileReference; fileEncoding = 4; lastKnownFileType = sourcecode.c.objc; path = LoginViewController.m; sourceTree = "<group>"; };
		4A8454381AD4691700E5AB02 /* RegistrationViewController.h */ = {isa = PBXFileReference; fileEncoding = 4; lastKnownFileType = sourcecode.c.h; path = RegistrationViewController.h; sourceTree = "<group>"; };
		4A8454391AD4691700E5AB02 /* RegistrationViewController.m */ = {isa = PBXFileReference; fileEncoding = 4; lastKnownFileType = sourcecode.c.objc; path = RegistrationViewController.m; sourceTree = "<group>"; };
		4A8CD7BA1A9D5E2C00C4E88F /* MainViewController.h */ = {isa = PBXFileReference; fileEncoding = 4; lastKnownFileType = sourcecode.c.h; path = MainViewController.h; sourceTree = "<group>"; };
		4A8CD7BB1A9D5E2C00C4E88F /* MainViewController.m */ = {isa = PBXFileReference; fileEncoding = 4; lastKnownFileType = sourcecode.c.objc; path = MainViewController.m; sourceTree = "<group>"; };
		4A8CD7C01A9D5E6D00C4E88F /* FAQViewController.h */ = {isa = PBXFileReference; fileEncoding = 4; lastKnownFileType = sourcecode.c.h; path = FAQViewController.h; sourceTree = "<group>"; };
		4A8CD7C11A9D5E6D00C4E88F /* FAQViewController.m */ = {isa = PBXFileReference; fileEncoding = 4; lastKnownFileType = sourcecode.c.objc; path = FAQViewController.m; sourceTree = "<group>"; };
		4A9E482C1AD7185100A17762 /* ProfileViewController.h */ = {isa = PBXFileReference; fileEncoding = 4; lastKnownFileType = sourcecode.c.h; path = ProfileViewController.h; sourceTree = "<group>"; };
		4A9E482D1AD7185100A17762 /* ProfileViewController.m */ = {isa = PBXFileReference; fileEncoding = 4; lastKnownFileType = sourcecode.c.objc; path = ProfileViewController.m; sourceTree = "<group>"; };
		4AAE57621AEE8C7E00A90DEF /* HubVelocityViewController.h */ = {isa = PBXFileReference; fileEncoding = 4; lastKnownFileType = sourcecode.c.h; path = HubVelocityViewController.h; sourceTree = "<group>"; };
		4AAE57631AEE8C7E00A90DEF /* HubVelocityViewController.m */ = {isa = PBXFileReference; fileEncoding = 4; lastKnownFileType = sourcecode.c.objc; path = HubVelocityViewController.m; sourceTree = "<group>"; };
		4AAE576B1AEEBC2700A90DEF /* HubAchievementTableViewCell.h */ = {isa = PBXFileReference; fileEncoding = 4; lastKnownFileType = sourcecode.c.h; path = HubAchievementTableViewCell.h; sourceTree = "<group>"; };
		4AAE576C1AEEBC2700A90DEF /* HubAchievementTableViewCell.m */ = {isa = PBXFileReference; fileEncoding = 4; lastKnownFileType = sourcecode.c.objc; path = HubAchievementTableViewCell.m; sourceTree = "<group>"; };
		4AAF2A4A1AE03ADD0068BC27 /* Users.h */ = {isa = PBXFileReference; fileEncoding = 4; lastKnownFileType = sourcecode.c.h; path = Users.h; sourceTree = "<group>"; };
		4AAF2A4B1AE03ADD0068BC27 /* Users.m */ = {isa = PBXFileReference; fileEncoding = 4; lastKnownFileType = sourcecode.c.objc; path = Users.m; sourceTree = "<group>"; };
		4AB3DC5E1AEA9C56009ED67D /* AchievementListCollectionViewCell.h */ = {isa = PBXFileReference; fileEncoding = 4; lastKnownFileType = sourcecode.c.h; path = AchievementListCollectionViewCell.h; sourceTree = "<group>"; };
		4AB3DC5F1AEA9C56009ED67D /* AchievementListCollectionViewCell.m */ = {isa = PBXFileReference; fileEncoding = 4; lastKnownFileType = sourcecode.c.objc; path = AchievementListCollectionViewCell.m; sourceTree = "<group>"; };
		4AB3DD2D1AEAA158009ED67D /* UserAchievementsCollectionViewCell.h */ = {isa = PBXFileReference; fileEncoding = 4; lastKnownFileType = sourcecode.c.h; path = UserAchievementsCollectionViewCell.h; sourceTree = "<group>"; };
		4AB3DD2E1AEAA158009ED67D /* UserAchievementsCollectionViewCell.m */ = {isa = PBXFileReference; fileEncoding = 4; lastKnownFileType = sourcecode.c.objc; path = UserAchievementsCollectionViewCell.m; sourceTree = "<group>"; };
		4AB8C94D1AF16E2F00B101FF /* CorePlotViewController.h */ = {isa = PBXFileReference; fileEncoding = 4; lastKnownFileType = sourcecode.c.h; path = CorePlotViewController.h; sourceTree = "<group>"; };
		4AB8C94E1AF16E2F00B101FF /* CorePlotViewController.m */ = {isa = PBXFileReference; fileEncoding = 4; lastKnownFileType = sourcecode.c.objc; path = CorePlotViewController.m; sourceTree = "<group>"; };
		4AB99C941AE1AAEE007F95A2 /* Helpers.h */ = {isa = PBXFileReference; fileEncoding = 4; lastKnownFileType = sourcecode.c.h; path = Helpers.h; sourceTree = "<group>"; };
		4AB99C951AE1AAEE007F95A2 /* Helpers.m */ = {isa = PBXFileReference; fileEncoding = 4; lastKnownFileType = sourcecode.c.objc; path = Helpers.m; sourceTree = "<group>"; };
		4AE8D1501AD72221009C3DEB /* SkillTreeViewController.h */ = {isa = PBXFileReference; fileEncoding = 4; lastKnownFileType = sourcecode.c.h; path = SkillTreeViewController.h; sourceTree = "<group>"; };
		4AE8D1511AD72221009C3DEB /* SkillTreeViewController.m */ = {isa = PBXFileReference; fileEncoding = 4; lastKnownFileType = sourcecode.c.objc; path = SkillTreeViewController.m; sourceTree = "<group>"; };
		8BD6046AD433A7977579285A /* Pods-Vault_ClientFacingApp.debug.xcconfig */ = {isa = PBXFileReference; includeInIndex = 1; lastKnownFileType = text.xcconfig; name = "Pods-Vault_ClientFacingApp.debug.xcconfig"; path = "Pods/Target Support Files/Pods-Vault_ClientFacingApp/Pods-Vault_ClientFacingApp.debug.xcconfig"; sourceTree = "<group>"; };
/* End PBXFileReference section */

/* Begin PBXFrameworksBuildPhase section */
		4A6F23BE1A9D3B5F00E7D366 /* Frameworks */ = {
			isa = PBXFrameworksBuildPhase;
			buildActionMask = 2147483647;
			files = (
				4A29FE601AA110F200776FE3 /* Foundation.framework in Frameworks */,
				4A6F23F41A9D3D0700E7D366 /* CoreGraphics.framework in Frameworks */,
				4A29FE5E1AA110E300776FE3 /* UIKit.framework in Frameworks */,
				4A563A871AA008430081FF26 /* MessageUI.framework in Frameworks */,
				4A6F24041A9D3D4B00E7D366 /* libsqlite3.0.dylib in Frameworks */,
				4A6F24021A9D3D4100E7D366 /* libz.1.1.3.dylib in Frameworks */,
				4A6F24001A9D3D3100E7D366 /* SystemConfiguration.framework in Frameworks */,
				4A6F23FE1A9D3D2A00E7D366 /* StoreKit.framework in Frameworks */,
				4A6F23FC1A9D3D2200E7D366 /* Security.framework in Frameworks */,
				4A6F23FA1A9D3D1D00E7D366 /* QuartzCore.framework in Frameworks */,
				4A6F23F81A9D3D1500E7D366 /* MobileCoreServices.framework in Frameworks */,
				4A6F23F61A9D3D1000E7D366 /* CoreLocation.framework in Frameworks */,
				4A6F23F21A9D3CFF00E7D366 /* CFNetwork.framework in Frameworks */,
				4A6F23F01A9D3CF800E7D366 /* AudioToolbox.framework in Frameworks */,
				4A6F23ED1A9D3CDC00E7D366 /* Bolts.framework in Frameworks */,
				4A6F23EE1A9D3CDC00E7D366 /* Parse.framework in Frameworks */,
				59D73210AF41C9DEC84FBCED /* libPods-Vault_ClientFacingApp.a in Frameworks */,
			);
			runOnlyForDeploymentPostprocessing = 0;
		};
		4A6F23D71A9D3B5F00E7D366 /* Frameworks */ = {
			isa = PBXFrameworksBuildPhase;
			buildActionMask = 2147483647;
			files = (
			);
			runOnlyForDeploymentPostprocessing = 0;
		};
/* End PBXFrameworksBuildPhase section */

/* Begin PBXGroup section */
		4A3382481AF138C3007C1E60 /* View Controllers */ = {
			isa = PBXGroup;
			children = (
				4A442AB01AFAA6FE00CC081F /* Portal Controllers */,
				4A84542E1AD4673300E5AB02 /* EXP Controllers */,
				4A84542C1AD4671600E5AB02 /* Client Facing Controllers */,
			);
			name = "View Controllers";
			sourceTree = "<group>";
		};
		4A3382491AF138D0007C1E60 /* TableView Cells */ = {
			isa = PBXGroup;
			children = (
				4A2C3F6E1AE806AC001A7A4B /* TaskTableViewCell.h */,
				4A2C3F6F1AE806AC001A7A4B /* TaskTableViewCell.m */,
				4A2C3F711AE848BE001A7A4B /* LogTableViewCell.h */,
				4A2C3F721AE848BE001A7A4B /* LogTableViewCell.m */,
				4AAE576B1AEEBC2700A90DEF /* HubAchievementTableViewCell.h */,
				4AAE576C1AEEBC2700A90DEF /* HubAchievementTableViewCell.m */,
			);
			name = "TableView Cells";
			sourceTree = "<group>";
		};
		4A33824A1AF138DA007C1E60 /* CollectionView Cells */ = {
			isa = PBXGroup;
			children = (
				4A2C97101AE6AB4C00E8BBD5 /* RegistrationCollectionViewCell.h */,
				4A2C97111AE6AB4C00E8BBD5 /* RegistrationCollectionViewCell.m */,
				4AB3DD2D1AEAA158009ED67D /* UserAchievementsCollectionViewCell.h */,
				4AB3DD2E1AEAA158009ED67D /* UserAchievementsCollectionViewCell.m */,
				4AB3DC5E1AEA9C56009ED67D /* AchievementListCollectionViewCell.h */,
				4AB3DC5F1AEA9C56009ED67D /* AchievementListCollectionViewCell.m */,
			);
			name = "CollectionView Cells";
			sourceTree = "<group>";
		};
		4A442AB01AFAA6FE00CC081F /* Portal Controllers */ = {
			isa = PBXGroup;
			children = (
				4A442AB11AFAA71400CC081F /* PortalViewController.h */,
				4A442AB21AFAA71400CC081F /* PortalViewController.m */,
				4A442AB41AFAB24D00CC081F /* DevIntroParentViewController.h */,
				4A442AB51AFAB24D00CC081F /* DevIntroParentViewController.m */,
				4A442AB71AFAB28F00CC081F /* DevIntroChildViewController.h */,
				4A442AB81AFAB28F00CC081F /* DevIntroChildViewController.m */,
				4A442ABA1AFAB72300CC081F /* ClientIntroParentViewController.h */,
				4A442ABB1AFAB72300CC081F /* ClientIntroParentViewController.m */,
				4A442ABD1AFAB73700CC081F /* ClientIntroChildViewController.h */,
				4A442ABE1AFAB73700CC081F /* ClientIntroChildViewController.m */,
			);
			name = "Portal Controllers";
			sourceTree = "<group>";
		};
		4A6F23B81A9D3B5F00E7D366 = {
			isa = PBXGroup;
			children = (
				4A6F23C31A9D3B5F00E7D366 /* Vault_ClientFacingApp */,
				4A6F23DD1A9D3B5F00E7D366 /* Vault_ClientFacingAppTests */,
				4A6F23C21A9D3B5F00E7D366 /* Products */,
				4A6F23EA1A9D3CB800E7D366 /* Frameworks */,
				65F9D26BCDD8DBB56DBF940B /* Pods */,
			);
			sourceTree = "<group>";
		};
		4A6F23C21A9D3B5F00E7D366 /* Products */ = {
			isa = PBXGroup;
			children = (
				4A6F23C11A9D3B5F00E7D366 /* Vault_ClientFacingApp.app */,
				4A6F23DA1A9D3B5F00E7D366 /* Vault_ClientFacingAppTests.xctest */,
			);
			name = Products;
			sourceTree = "<group>";
		};
		4A6F23C31A9D3B5F00E7D366 /* Vault_ClientFacingApp */ = {
			isa = PBXGroup;
			children = (
				4A8454311AD467B500E5AB02 /* Models */,
				4A8454301AD467A700E5AB02 /* Views */,
				4A84542D1AD4672A00E5AB02 /* Controllers */,
				4A6F23D11A9D3B5F00E7D366 /* Images.xcassets */,
				4A6F23C41A9D3B5F00E7D366 /* Supporting Files */,
				4A84542F1AD4674200E5AB02 /* Aux */,
			);
			path = Vault_ClientFacingApp;
			sourceTree = "<group>";
		};
		4A6F23C41A9D3B5F00E7D366 /* Supporting Files */ = {
			isa = PBXGroup;
			children = (
				4A6F23C51A9D3B5F00E7D366 /* Info.plist */,
				4A6F23C61A9D3B5F00E7D366 /* main.m */,
			);
			name = "Supporting Files";
			sourceTree = "<group>";
		};
		4A6F23DD1A9D3B5F00E7D366 /* Vault_ClientFacingAppTests */ = {
			isa = PBXGroup;
			children = (
				4A6F23E01A9D3B5F00E7D366 /* Vault_ClientFacingAppTests.m */,
				4A6F23DE1A9D3B5F00E7D366 /* Supporting Files */,
			);
			path = Vault_ClientFacingAppTests;
			sourceTree = "<group>";
		};
		4A6F23DE1A9D3B5F00E7D366 /* Supporting Files */ = {
			isa = PBXGroup;
			children = (
				4A6F23DF1A9D3B5F00E7D366 /* Info.plist */,
			);
			name = "Supporting Files";
			sourceTree = "<group>";
		};
		4A6F23EA1A9D3CB800E7D366 /* Frameworks */ = {
			isa = PBXGroup;
			children = (
				4A29FE5F1AA110F200776FE3 /* Foundation.framework */,
				4A29FE5D1AA110E300776FE3 /* UIKit.framework */,
				4A563A861AA008430081FF26 /* MessageUI.framework */,
				4A6F24031A9D3D4B00E7D366 /* libsqlite3.0.dylib */,
				4A6F24011A9D3D4100E7D366 /* libz.1.1.3.dylib */,
				4A6F23FF1A9D3D3100E7D366 /* SystemConfiguration.framework */,
				4A6F23FD1A9D3D2A00E7D366 /* StoreKit.framework */,
				4A6F23FB1A9D3D2200E7D366 /* Security.framework */,
				4A6F23F91A9D3D1D00E7D366 /* QuartzCore.framework */,
				4A6F23F71A9D3D1500E7D366 /* MobileCoreServices.framework */,
				4A6F23F51A9D3D1000E7D366 /* CoreLocation.framework */,
				4A6F23F31A9D3D0700E7D366 /* CoreGraphics.framework */,
				4A6F23F11A9D3CFF00E7D366 /* CFNetwork.framework */,
				4A6F23EF1A9D3CF800E7D366 /* AudioToolbox.framework */,
				4A6F23EB1A9D3CDC00E7D366 /* Bolts.framework */,
				4A6F23EC1A9D3CDC00E7D366 /* Parse.framework */,
				02C078148325B646D8DF5C89 /* libPods-Vault_ClientFacingApp.a */,
			);
			name = Frameworks;
			sourceTree = "<group>";
		};
		4A84542C1AD4671600E5AB02 /* Client Facing Controllers */ = {
			isa = PBXGroup;
			children = (
				4A8CD7BA1A9D5E2C00C4E88F /* MainViewController.h */,
				4A8CD7BB1A9D5E2C00C4E88F /* MainViewController.m */,
				4A8CD7C01A9D5E6D00C4E88F /* FAQViewController.h */,
				4A8CD7C11A9D5E6D00C4E88F /* FAQViewController.m */,
			);
			name = "Client Facing Controllers";
			sourceTree = "<group>";
		};
		4A84542D1AD4672A00E5AB02 /* Controllers */ = {
			isa = PBXGroup;
			children = (
				4A3382481AF138C3007C1E60 /* View Controllers */,
				4A33824A1AF138DA007C1E60 /* CollectionView Cells */,
				4A3382491AF138D0007C1E60 /* TableView Cells */,
			);
			name = Controllers;
			sourceTree = "<group>";
		};
		4A84542E1AD4673300E5AB02 /* EXP Controllers */ = {
			isa = PBXGroup;
			children = (
				4A8454321AD467DA00E5AB02 /* LoginViewController.h */,
				4A8454331AD467DA00E5AB02 /* LoginViewController.m */,
				4A8454381AD4691700E5AB02 /* RegistrationViewController.h */,
				4A8454391AD4691700E5AB02 /* RegistrationViewController.m */,
				4A4BF4FB1AE5A455001FB109 /* PasswordRecoveryViewController.h */,
				4A4BF4FC1AE5A455001FB109 /* PasswordRecoveryViewController.m */,
				4A9E482C1AD7185100A17762 /* ProfileViewController.h */,
				4A9E482D1AD7185100A17762 /* ProfileViewController.m */,
				4AAE57621AEE8C7E00A90DEF /* HubVelocityViewController.h */,
				4AAE57631AEE8C7E00A90DEF /* HubVelocityViewController.m */,
				4AB8C94D1AF16E2F00B101FF /* CorePlotViewController.h */,
				4AB8C94E1AF16E2F00B101FF /* CorePlotViewController.m */,
				4AE8D1501AD72221009C3DEB /* SkillTreeViewController.h */,
				4AE8D1511AD72221009C3DEB /* SkillTreeViewController.m */,
				4A2E7F9B1AE6CE4B003CC1D3 /* TasksViewController.h */,
				4A2E7F9C1AE6CE4B003CC1D3 /* TasksViewController.m */,
				4A2E7FA11AE6DFC1003CC1D3 /* AchievementsDetailViewController.h */,
				4A2E7FA21AE6DFC1003CC1D3 /* AchievementsDetailViewController.m */,
				4A2E7FA41AE6DFCD003CC1D3 /* AchievementsListViewController.h */,
				4A2E7FA51AE6DFCD003CC1D3 /* AchievementsListViewController.m */,
				4A2E7FA71AE6E006003CC1D3 /* LogViewController.h */,
				4A2E7FA81AE6E006003CC1D3 /* LogViewController.m */,
				4A7541381ADF052A00EB1A15 /* SettingsViewController.h */,
				4A7541391ADF052A00EB1A15 /* SettingsViewController.m */,
			);
			name = "EXP Controllers";
			sourceTree = "<group>";
		};
		4A84542F1AD4674200E5AB02 /* Aux */ = {
			isa = PBXGroup;
			children = (
				4A6F23C81A9D3B5F00E7D366 /* AppDelegate.h */,
				4A6F23C91A9D3B5F00E7D366 /* AppDelegate.m */,
			);
			name = Aux;
			sourceTree = "<group>";
		};
		4A8454301AD467A700E5AB02 /* Views */ = {
			isa = PBXGroup;
			children = (
				4A6F23CE1A9D3B5F00E7D366 /* Main.storyboard */,
				4A6F23D31A9D3B5F00E7D366 /* LaunchScreen.xib */,
			);
			name = Views;
			sourceTree = "<group>";
		};
		4A8454311AD467B500E5AB02 /* Models */ = {
			isa = PBXGroup;
			children = (
				4AAF2A4A1AE03ADD0068BC27 /* Users.h */,
				4AAF2A4B1AE03ADD0068BC27 /* Users.m */,
				4AB99C941AE1AAEE007F95A2 /* Helpers.h */,
				4AB99C951AE1AAEE007F95A2 /* Helpers.m */,
				4A2B21461AE553F900F9E07C /* CustomColors.h */,
				4A2B21471AE553F900F9E07C /* CustomColors.m */,
			);
			name = Models;
			sourceTree = "<group>";
		};
		65F9D26BCDD8DBB56DBF940B /* Pods */ = {
			isa = PBXGroup;
			children = (
				8BD6046AD433A7977579285A /* Pods-Vault_ClientFacingApp.debug.xcconfig */,
				05BB3B2A788A087685DA6FC7 /* Pods-Vault_ClientFacingApp.release.xcconfig */,
			);
			name = Pods;
			sourceTree = "<group>";
		};
/* End PBXGroup section */

/* Begin PBXNativeTarget section */
		4A6F23C01A9D3B5F00E7D366 /* Vault_ClientFacingApp */ = {
			isa = PBXNativeTarget;
			buildConfigurationList = 4A6F23E41A9D3B5F00E7D366 /* Build configuration list for PBXNativeTarget "Vault_ClientFacingApp" */;
			buildPhases = (
				05054DDE81B50AF7EF929A5F /* Check Pods Manifest.lock */,
				4A6F23BD1A9D3B5F00E7D366 /* Sources */,
				4A6F23BE1A9D3B5F00E7D366 /* Frameworks */,
				4A6F23BF1A9D3B5F00E7D366 /* Resources */,
				60883D96FC57C9FA9C088236 /* Copy Pods Resources */,
			);
			buildRules = (
			);
			dependencies = (
			);
			name = Vault_ClientFacingApp;
			productName = Vault_ClientFacingApp;
			productReference = 4A6F23C11A9D3B5F00E7D366 /* Vault_ClientFacingApp.app */;
			productType = "com.apple.product-type.application";
		};
		4A6F23D91A9D3B5F00E7D366 /* Vault_ClientFacingAppTests */ = {
			isa = PBXNativeTarget;
			buildConfigurationList = 4A6F23E71A9D3B5F00E7D366 /* Build configuration list for PBXNativeTarget "Vault_ClientFacingAppTests" */;
			buildPhases = (
				4A6F23D61A9D3B5F00E7D366 /* Sources */,
				4A6F23D71A9D3B5F00E7D366 /* Frameworks */,
				4A6F23D81A9D3B5F00E7D366 /* Resources */,
			);
			buildRules = (
			);
			dependencies = (
				4A6F23DC1A9D3B5F00E7D366 /* PBXTargetDependency */,
			);
			name = Vault_ClientFacingAppTests;
			productName = Vault_ClientFacingAppTests;
			productReference = 4A6F23DA1A9D3B5F00E7D366 /* Vault_ClientFacingAppTests.xctest */;
			productType = "com.apple.product-type.bundle.unit-test";
		};
/* End PBXNativeTarget section */

/* Begin PBXProject section */
		4A6F23B91A9D3B5F00E7D366 /* Project object */ = {
			isa = PBXProject;
			attributes = {
				LastUpgradeCheck = 0610;
				ORGANIZATIONNAME = "Harrison Ferrone";
				TargetAttributes = {
					4A6F23C01A9D3B5F00E7D366 = {
						CreatedOnToolsVersion = 6.1.1;
						DevelopmentTeam = 7864Y9RXSY;
					};
					4A6F23D91A9D3B5F00E7D366 = {
						CreatedOnToolsVersion = 6.1.1;
						TestTargetID = 4A6F23C01A9D3B5F00E7D366;
					};
				};
			};
			buildConfigurationList = 4A6F23BC1A9D3B5F00E7D366 /* Build configuration list for PBXProject "Vault_ClientFacingApp" */;
			compatibilityVersion = "Xcode 3.2";
			developmentRegion = English;
			hasScannedForEncodings = 0;
			knownRegions = (
				en,
				Base,
			);
			mainGroup = 4A6F23B81A9D3B5F00E7D366;
			productRefGroup = 4A6F23C21A9D3B5F00E7D366 /* Products */;
			projectDirPath = "";
			projectRoot = "";
			targets = (
				4A6F23C01A9D3B5F00E7D366 /* Vault_ClientFacingApp */,
				4A6F23D91A9D3B5F00E7D366 /* Vault_ClientFacingAppTests */,
			);
		};
/* End PBXProject section */

/* Begin PBXResourcesBuildPhase section */
		4A6F23BF1A9D3B5F00E7D366 /* Resources */ = {
			isa = PBXResourcesBuildPhase;
			buildActionMask = 2147483647;
			files = (
				4A6F23D01A9D3B5F00E7D366 /* Main.storyboard in Resources */,
				4A6F23D51A9D3B5F00E7D366 /* LaunchScreen.xib in Resources */,
				4A6F23D21A9D3B5F00E7D366 /* Images.xcassets in Resources */,
			);
			runOnlyForDeploymentPostprocessing = 0;
		};
		4A6F23D81A9D3B5F00E7D366 /* Resources */ = {
			isa = PBXResourcesBuildPhase;
			buildActionMask = 2147483647;
			files = (
			);
			runOnlyForDeploymentPostprocessing = 0;
		};
/* End PBXResourcesBuildPhase section */

/* Begin PBXShellScriptBuildPhase section */
		05054DDE81B50AF7EF929A5F /* Check Pods Manifest.lock */ = {
			isa = PBXShellScriptBuildPhase;
			buildActionMask = 2147483647;
			files = (
			);
			inputPaths = (
			);
			name = "Check Pods Manifest.lock";
			outputPaths = (
			);
			runOnlyForDeploymentPostprocessing = 0;
			shellPath = /bin/sh;
			shellScript = "diff \"${PODS_ROOT}/../Podfile.lock\" \"${PODS_ROOT}/Manifest.lock\" > /dev/null\nif [[ $? != 0 ]] ; then\n    cat << EOM\nerror: The sandbox is not in sync with the Podfile.lock. Run 'pod install' or update your CocoaPods installation.\nEOM\n    exit 1\nfi\n";
			showEnvVarsInLog = 0;
		};
		60883D96FC57C9FA9C088236 /* Copy Pods Resources */ = {
			isa = PBXShellScriptBuildPhase;
			buildActionMask = 2147483647;
			files = (
			);
			inputPaths = (
			);
			name = "Copy Pods Resources";
			outputPaths = (
			);
			runOnlyForDeploymentPostprocessing = 0;
			shellPath = /bin/sh;
			shellScript = "\"${SRCROOT}/Pods/Target Support Files/Pods-Vault_ClientFacingApp/Pods-Vault_ClientFacingApp-resources.sh\"\n";
			showEnvVarsInLog = 0;
		};
/* End PBXShellScriptBuildPhase section */

/* Begin PBXSourcesBuildPhase section */
		4A6F23BD1A9D3B5F00E7D366 /* Sources */ = {
			isa = PBXSourcesBuildPhase;
			buildActionMask = 2147483647;
			files = (
				4A2B21481AE553F900F9E07C /* CustomColors.m in Sources */,
				4A2E7FA61AE6DFCD003CC1D3 /* AchievementsListViewController.m in Sources */,
				4A442AB61AFAB24D00CC081F /* DevIntroParentViewController.m in Sources */,
				4A8CD7C21A9D5E6D00C4E88F /* FAQViewController.m in Sources */,
				4A6F23CA1A9D3B5F00E7D366 /* AppDelegate.m in Sources */,
				4AE8D1521AD72221009C3DEB /* SkillTreeViewController.m in Sources */,
				4A442AB91AFAB28F00CC081F /* DevIntroChildViewController.m in Sources */,
				4A2E7F9D1AE6CE4B003CC1D3 /* TasksViewController.m in Sources */,
				4A75413A1ADF052A00EB1A15 /* SettingsViewController.m in Sources */,
				4AAE576D1AEEBC2700A90DEF /* HubAchievementTableViewCell.m in Sources */,
				4A2C97121AE6AB4C00E8BBD5 /* RegistrationCollectionViewCell.m in Sources */,
				4A8CD7BC1A9D5E2C00C4E88F /* MainViewController.m in Sources */,
				4A442ABF1AFAB73700CC081F /* ClientIntroChildViewController.m in Sources */,
				4A6F23C71A9D3B5F00E7D366 /* main.m in Sources */,
				4AAE57641AEE8C7E00A90DEF /* HubVelocityViewController.m in Sources */,
				4A442AB31AFAA71400CC081F /* PortalViewController.m in Sources */,
				4A9E482E1AD7185100A17762 /* ProfileViewController.m in Sources */,
				4AB3DD2F1AEAA158009ED67D /* UserAchievementsCollectionViewCell.m in Sources */,
				4A4BF4FD1AE5A455001FB109 /* PasswordRecoveryViewController.m in Sources */,
				4A8454341AD467DA00E5AB02 /* LoginViewController.m in Sources */,
				4AB99C961AE1AAEE007F95A2 /* Helpers.m in Sources */,
				4A442ABC1AFAB72300CC081F /* ClientIntroParentViewController.m in Sources */,
				4A2C3F731AE848BE001A7A4B /* LogTableViewCell.m in Sources */,
				4A84543A1AD4691700E5AB02 /* RegistrationViewController.m in Sources */,
				4A2C3F701AE806AC001A7A4B /* TaskTableViewCell.m in Sources */,
				4AAF2A4C1AE03ADD0068BC27 /* Users.m in Sources */,
				4AB8C94F1AF16E2F00B101FF /* CorePlotViewController.m in Sources */,
				4A2E7FA31AE6DFC1003CC1D3 /* AchievementsDetailViewController.m in Sources */,
				4A2E7FA91AE6E006003CC1D3 /* LogViewController.m in Sources */,
				4AB3DC601AEA9C56009ED67D /* AchievementListCollectionViewCell.m in Sources */,
			);
			runOnlyForDeploymentPostprocessing = 0;
		};
		4A6F23D61A9D3B5F00E7D366 /* Sources */ = {
			isa = PBXSourcesBuildPhase;
			buildActionMask = 2147483647;
			files = (
				4A6F23E11A9D3B5F00E7D366 /* Vault_ClientFacingAppTests.m in Sources */,
			);
			runOnlyForDeploymentPostprocessing = 0;
		};
/* End PBXSourcesBuildPhase section */

/* Begin PBXTargetDependency section */
		4A6F23DC1A9D3B5F00E7D366 /* PBXTargetDependency */ = {
			isa = PBXTargetDependency;
			target = 4A6F23C01A9D3B5F00E7D366 /* Vault_ClientFacingApp */;
			targetProxy = 4A6F23DB1A9D3B5F00E7D366 /* PBXContainerItemProxy */;
		};
/* End PBXTargetDependency section */

/* Begin PBXVariantGroup section */
		4A6F23CE1A9D3B5F00E7D366 /* Main.storyboard */ = {
			isa = PBXVariantGroup;
			children = (
				4A6F23CF1A9D3B5F00E7D366 /* Base */,
			);
			name = Main.storyboard;
			sourceTree = "<group>";
		};
		4A6F23D31A9D3B5F00E7D366 /* LaunchScreen.xib */ = {
			isa = PBXVariantGroup;
			children = (
				4A6F23D41A9D3B5F00E7D366 /* Base */,
			);
			name = LaunchScreen.xib;
			sourceTree = "<group>";
		};
/* End PBXVariantGroup section */

/* Begin XCBuildConfiguration section */
		4A6F23E21A9D3B5F00E7D366 /* Debug */ = {
			isa = XCBuildConfiguration;
			buildSettings = {
				ALWAYS_SEARCH_USER_PATHS = NO;
				CLANG_CXX_LANGUAGE_STANDARD = "gnu++0x";
				CLANG_CXX_LIBRARY = "libc++";
				CLANG_ENABLE_MODULES = YES;
				CLANG_ENABLE_OBJC_ARC = YES;
				CLANG_WARN_BOOL_CONVERSION = YES;
				CLANG_WARN_CONSTANT_CONVERSION = YES;
				CLANG_WARN_DIRECT_OBJC_ISA_USAGE = YES_ERROR;
				CLANG_WARN_EMPTY_BODY = YES;
				CLANG_WARN_ENUM_CONVERSION = YES;
				CLANG_WARN_INT_CONVERSION = YES;
				CLANG_WARN_OBJC_ROOT_CLASS = YES_ERROR;
				CLANG_WARN_UNREACHABLE_CODE = YES;
				CLANG_WARN__DUPLICATE_METHOD_MATCH = YES;
				"CODE_SIGN_IDENTITY[sdk=iphoneos*]" = "iPhone Developer";
				COPY_PHASE_STRIP = NO;
				ENABLE_STRICT_OBJC_MSGSEND = YES;
				GCC_C_LANGUAGE_STANDARD = gnu99;
				GCC_DYNAMIC_NO_PIC = NO;
				GCC_OPTIMIZATION_LEVEL = 0;
				GCC_PREPROCESSOR_DEFINITIONS = (
					"DEBUG=1",
					"$(inherited)",
				);
				GCC_SYMBOLS_PRIVATE_EXTERN = NO;
				GCC_WARN_64_TO_32_BIT_CONVERSION = YES;
				GCC_WARN_ABOUT_RETURN_TYPE = YES_ERROR;
				GCC_WARN_UNDECLARED_SELECTOR = YES;
				GCC_WARN_UNINITIALIZED_AUTOS = YES_AGGRESSIVE;
				GCC_WARN_UNUSED_FUNCTION = YES;
				GCC_WARN_UNUSED_VARIABLE = YES;
				IPHONEOS_DEPLOYMENT_TARGET = 8.1;
				MTL_ENABLE_DEBUG_INFO = YES;
				ONLY_ACTIVE_ARCH = YES;
				SDKROOT = iphoneos;
				TARGETED_DEVICE_FAMILY = "1,2";
			};
			name = Debug;
		};
		4A6F23E31A9D3B5F00E7D366 /* Release */ = {
			isa = XCBuildConfiguration;
			buildSettings = {
				ALWAYS_SEARCH_USER_PATHS = NO;
				CLANG_CXX_LANGUAGE_STANDARD = "gnu++0x";
				CLANG_CXX_LIBRARY = "libc++";
				CLANG_ENABLE_MODULES = YES;
				CLANG_ENABLE_OBJC_ARC = YES;
				CLANG_WARN_BOOL_CONVERSION = YES;
				CLANG_WARN_CONSTANT_CONVERSION = YES;
				CLANG_WARN_DIRECT_OBJC_ISA_USAGE = YES_ERROR;
				CLANG_WARN_EMPTY_BODY = YES;
				CLANG_WARN_ENUM_CONVERSION = YES;
				CLANG_WARN_INT_CONVERSION = YES;
				CLANG_WARN_OBJC_ROOT_CLASS = YES_ERROR;
				CLANG_WARN_UNREACHABLE_CODE = YES;
				CLANG_WARN__DUPLICATE_METHOD_MATCH = YES;
				"CODE_SIGN_IDENTITY[sdk=iphoneos*]" = "iPhone Developer";
				COPY_PHASE_STRIP = YES;
				ENABLE_NS_ASSERTIONS = NO;
				ENABLE_STRICT_OBJC_MSGSEND = YES;
				GCC_C_LANGUAGE_STANDARD = gnu99;
				GCC_WARN_64_TO_32_BIT_CONVERSION = YES;
				GCC_WARN_ABOUT_RETURN_TYPE = YES_ERROR;
				GCC_WARN_UNDECLARED_SELECTOR = YES;
				GCC_WARN_UNINITIALIZED_AUTOS = YES_AGGRESSIVE;
				GCC_WARN_UNUSED_FUNCTION = YES;
				GCC_WARN_UNUSED_VARIABLE = YES;
				IPHONEOS_DEPLOYMENT_TARGET = 8.1;
				MTL_ENABLE_DEBUG_INFO = NO;
				SDKROOT = iphoneos;
				TARGETED_DEVICE_FAMILY = "1,2";
				VALIDATE_PRODUCT = YES;
			};
			name = Release;
		};
		4A6F23E51A9D3B5F00E7D366 /* Debug */ = {
			isa = XCBuildConfiguration;
			baseConfigurationReference = 8BD6046AD433A7977579285A /* Pods-Vault_ClientFacingApp.debug.xcconfig */;
			buildSettings = {
				ASSETCATALOG_COMPILER_APPICON_NAME = AppIcon;
				CODE_SIGN_IDENTITY = "iPhone Developer";
				"CODE_SIGN_IDENTITY[sdk=iphoneos*]" = "iPhone Developer";
				FRAMEWORK_SEARCH_PATHS = (
					"$(inherited)",
					"/Users/hferrone1/Downloads/parse-library-1.6.1",
				);
				INFOPLIST_FILE = Vault_ClientFacingApp/Info.plist;
				LD_RUNPATH_SEARCH_PATHS = "$(inherited) @executable_path/Frameworks";
				PRODUCT_NAME = "$(TARGET_NAME)";
				PROVISIONING_PROFILE = "";
				TARGETED_DEVICE_FAMILY = 1;
			};
			name = Debug;
		};
		4A6F23E61A9D3B5F00E7D366 /* Release */ = {
			isa = XCBuildConfiguration;
			baseConfigurationReference = 05BB3B2A788A087685DA6FC7 /* Pods-Vault_ClientFacingApp.release.xcconfig */;
			buildSettings = {
				ASSETCATALOG_COMPILER_APPICON_NAME = AppIcon;
				CODE_SIGN_IDENTITY = "iPhone Developer";
				"CODE_SIGN_IDENTITY[sdk=iphoneos*]" = "iPhone Developer";
				FRAMEWORK_SEARCH_PATHS = (
					"$(inherited)",
					"/Users/hferrone1/Downloads/parse-library-1.6.1",
				);
				INFOPLIST_FILE = Vault_ClientFacingApp/Info.plist;
				LD_RUNPATH_SEARCH_PATHS = "$(inherited) @executable_path/Frameworks";
				PRODUCT_NAME = "$(TARGET_NAME)";
				PROVISIONING_PROFILE = "";
				TARGETED_DEVICE_FAMILY = 1;
			};
			name = Release;
		};
		4A6F23E81A9D3B5F00E7D366 /* Debug */ = {
			isa = XCBuildConfiguration;
			buildSettings = {
				BUNDLE_LOADER = "$(TEST_HOST)";
				FRAMEWORK_SEARCH_PATHS = (
					"$(SDKROOT)/Developer/Library/Frameworks",
					"$(inherited)",
				);
				GCC_PREPROCESSOR_DEFINITIONS = (
					"DEBUG=1",
					"$(inherited)",
				);
				INFOPLIST_FILE = Vault_ClientFacingAppTests/Info.plist;
				LD_RUNPATH_SEARCH_PATHS = "$(inherited) @executable_path/Frameworks @loader_path/Frameworks";
				PRODUCT_NAME = "$(TARGET_NAME)";
				TEST_HOST = "$(BUILT_PRODUCTS_DIR)/Vault_ClientFacingApp.app/Vault_ClientFacingApp";
			};
			name = Debug;
		};
		4A6F23E91A9D3B5F00E7D366 /* Release */ = {
			isa = XCBuildConfiguration;
			buildSettings = {
				BUNDLE_LOADER = "$(TEST_HOST)";
				FRAMEWORK_SEARCH_PATHS = (
					"$(SDKROOT)/Developer/Library/Frameworks",
					"$(inherited)",
				);
				INFOPLIST_FILE = Vault_ClientFacingAppTests/Info.plist;
				LD_RUNPATH_SEARCH_PATHS = "$(inherited) @executable_path/Frameworks @loader_path/Frameworks";
				PRODUCT_NAME = "$(TARGET_NAME)";
				TEST_HOST = "$(BUILT_PRODUCTS_DIR)/Vault_ClientFacingApp.app/Vault_ClientFacingApp";
			};
			name = Release;
		};
/* End XCBuildConfiguration section */

/* Begin XCConfigurationList section */
		4A6F23BC1A9D3B5F00E7D366 /* Build configuration list for PBXProject "Vault_ClientFacingApp" */ = {
			isa = XCConfigurationList;
			buildConfigurations = (
				4A6F23E21A9D3B5F00E7D366 /* Debug */,
				4A6F23E31A9D3B5F00E7D366 /* Release */,
			);
			defaultConfigurationIsVisible = 0;
			defaultConfigurationName = Release;
		};
		4A6F23E41A9D3B5F00E7D366 /* Build configuration list for PBXNativeTarget "Vault_ClientFacingApp" */ = {
			isa = XCConfigurationList;
			buildConfigurations = (
				4A6F23E51A9D3B5F00E7D366 /* Debug */,
				4A6F23E61A9D3B5F00E7D366 /* Release */,
			);
			defaultConfigurationIsVisible = 0;
			defaultConfigurationName = Release;
		};
		4A6F23E71A9D3B5F00E7D366 /* Build configuration list for PBXNativeTarget "Vault_ClientFacingAppTests" */ = {
			isa = XCConfigurationList;
			buildConfigurations = (
				4A6F23E81A9D3B5F00E7D366 /* Debug */,
				4A6F23E91A9D3B5F00E7D366 /* Release */,
			);
			defaultConfigurationIsVisible = 0;
			defaultConfigurationName = Release;
		};
/* End XCConfigurationList section */
	};
	rootObject = 4A6F23B91A9D3B5F00E7D366 /* Project object */;
}
